// !$*UTF8*$!
{
	archiveVersion = 1;
	classes = {
	};
	objectVersion = 46;
	objects = {

/* Begin PBXBuildFile section */
		4ECD7F61C17B21BA89AF91B9 /* Pods_BabylonHealthDemo.framework in Frameworks */ = {isa = PBXBuildFile; fileRef = EC1A3C8B2BE523E31795255C /* Pods_BabylonHealthDemo.framework */; };
		BA3B815F1DEAD4C900B41A49 /* BabylonHealthDemo.xcdatamodeld in Sources */ = {isa = PBXBuildFile; fileRef = BA3B815D1DEAD4C900B41A49 /* BabylonHealthDemo.xcdatamodeld */; };
		BA3B81611DEADE2500B41A49 /* PostListCell.swift in Sources */ = {isa = PBXBuildFile; fileRef = BA3B81601DEADE2500B41A49 /* PostListCell.swift */; };
		BA3B81661DEAEB5F00B41A49 /* PostListLayout.swift in Sources */ = {isa = PBXBuildFile; fileRef = BA3B81651DEAEB5F00B41A49 /* PostListLayout.swift */; };
		BA3B81691DEAEBB500B41A49 /* PostListHandler.swift in Sources */ = {isa = PBXBuildFile; fileRef = BA3B81681DEAEBB500B41A49 /* PostListHandler.swift */; };
		BA3B816C1DEAEED700B41A49 /* Networking.swift in Sources */ = {isa = PBXBuildFile; fileRef = BA3B816B1DEAEED700B41A49 /* Networking.swift */; };
		BA3B81701DEAF1E500B41A49 /* NetworkManager.swift in Sources */ = {isa = PBXBuildFile; fileRef = BA3B816F1DEAF1E500B41A49 /* NetworkManager.swift */; };
		BA3B81721DEAF30100B41A49 /* StubNetworkManager.swift in Sources */ = {isa = PBXBuildFile; fileRef = BA3B81711DEAF30100B41A49 /* StubNetworkManager.swift */; };
		BA3B81761DEAF49300B41A49 /* PostListControllerTests.swift in Sources */ = {isa = PBXBuildFile; fileRef = BA3B81751DEAF49300B41A49 /* PostListControllerTests.swift */; };
		BA3B81791DEAF56000B41A49 /* FakePostListView.swift in Sources */ = {isa = PBXBuildFile; fileRef = BA3B81781DEAF56000B41A49 /* FakePostListView.swift */; };
		BA3B817B1DEAF5B900B41A49 /* PostListController.swift in Sources */ = {isa = PBXBuildFile; fileRef = BA3B817A1DEAF5B900B41A49 /* PostListController.swift */; };
		BA3B817D1DEAFA3100B41A49 /* PostListLoadingView.swift in Sources */ = {isa = PBXBuildFile; fileRef = BA3B817C1DEAFA3100B41A49 /* PostListLoadingView.swift */; };
		BA3B81801DEAFF1100B41A49 /* PostListRemoteService.swift in Sources */ = {isa = PBXBuildFile; fileRef = BA3B817F1DEAFF1100B41A49 /* PostListRemoteService.swift */; };
		BA3B81831DEAFFE400B41A49 /* RestPostListRemoteService.swift in Sources */ = {isa = PBXBuildFile; fileRef = BA3B81821DEAFFE400B41A49 /* RestPostListRemoteService.swift */; };
		BA3B81851DEB003A00B41A49 /* RestPostListRemoteServiceTests.swift in Sources */ = {isa = PBXBuildFile; fileRef = BA3B81841DEB003A00B41A49 /* RestPostListRemoteServiceTests.swift */; };
		BA3B81881DEB02A700B41A49 /* Post.swift in Sources */ = {isa = PBXBuildFile; fileRef = BA3B81871DEB02A700B41A49 /* Post.swift */; };
		BAB48C111DEB36A60039FB96 /* PostParser.swift in Sources */ = {isa = PBXBuildFile; fileRef = BAB48C101DEB36A60039FB96 /* PostParser.swift */; };
		BAB48C131DEB36FE0039FB96 /* SwiftyJSONPostParser.swift in Sources */ = {isa = PBXBuildFile; fileRef = BAB48C121DEB36FE0039FB96 /* SwiftyJSONPostParser.swift */; };
		BAB48C161DEB37AB0039FB96 /* SwiftyJSONPostParserTests.swift in Sources */ = {isa = PBXBuildFile; fileRef = BAB48C151DEB37AB0039FB96 /* SwiftyJSONPostParserTests.swift */; };
		BAB48C181DEB41430039FB96 /* StubPostListRemoteService.swift in Sources */ = {isa = PBXBuildFile; fileRef = BAB48C171DEB41430039FB96 /* StubPostListRemoteService.swift */; };
		BAB48C1B1DEB5CF70039FB96 /* PostDetailViewController.swift in Sources */ = {isa = PBXBuildFile; fileRef = BAB48C1A1DEB5CF70039FB96 /* PostDetailViewController.swift */; };
		BAD726EE1DE3964D00E83F32 /* AppDelegate.swift in Sources */ = {isa = PBXBuildFile; fileRef = BAD726ED1DE3964D00E83F32 /* AppDelegate.swift */; };
		BAD726F31DE3964D00E83F32 /* Main.storyboard in Resources */ = {isa = PBXBuildFile; fileRef = BAD726F11DE3964D00E83F32 /* Main.storyboard */; };
		BAD726F81DE3964D00E83F32 /* Assets.xcassets in Resources */ = {isa = PBXBuildFile; fileRef = BAD726F71DE3964D00E83F32 /* Assets.xcassets */; };
		BAD726FB1DE3964D00E83F32 /* LaunchScreen.storyboard in Resources */ = {isa = PBXBuildFile; fileRef = BAD726F91DE3964D00E83F32 /* LaunchScreen.storyboard */; };
		BAD7272A1DE39A3100E83F32 /* PostListViewController.swift in Sources */ = {isa = PBXBuildFile; fileRef = BAD727291DE39A3100E83F32 /* PostListViewController.swift */; };
/* End PBXBuildFile section */

/* Begin PBXContainerItemProxy section */
		BAD727021DE3964D00E83F32 /* PBXContainerItemProxy */ = {
			isa = PBXContainerItemProxy;
			containerPortal = BAD726E21DE3964D00E83F32 /* Project object */;
			proxyType = 1;
			remoteGlobalIDString = BAD726E91DE3964D00E83F32;
			remoteInfo = BabylonHealthDemo;
		};
/* End PBXContainerItemProxy section */

/* Begin PBXFileReference section */
		A17661B548CA02D8EA9EE576 /* Pods-BabylonHealthDemo.debug.xcconfig */ = {isa = PBXFileReference; includeInIndex = 1; lastKnownFileType = text.xcconfig; name = "Pods-BabylonHealthDemo.debug.xcconfig"; path = "Pods/Target Support Files/Pods-BabylonHealthDemo/Pods-BabylonHealthDemo.debug.xcconfig"; sourceTree = "<group>"; };
		A8C84CDE1B08468823A36D08 /* Pods-BabylonHealthDemo.release.xcconfig */ = {isa = PBXFileReference; includeInIndex = 1; lastKnownFileType = text.xcconfig; name = "Pods-BabylonHealthDemo.release.xcconfig"; path = "Pods/Target Support Files/Pods-BabylonHealthDemo/Pods-BabylonHealthDemo.release.xcconfig"; sourceTree = "<group>"; };
		BA3B815E1DEAD4C900B41A49 /* BabylonHealthDemo.xcdatamodel */ = {isa = PBXFileReference; lastKnownFileType = wrapper.xcdatamodel; path = BabylonHealthDemo.xcdatamodel; sourceTree = "<group>"; };
		BA3B81601DEADE2500B41A49 /* PostListCell.swift */ = {isa = PBXFileReference; fileEncoding = 4; lastKnownFileType = sourcecode.swift; path = PostListCell.swift; sourceTree = "<group>"; };
		BA3B81651DEAEB5F00B41A49 /* PostListLayout.swift */ = {isa = PBXFileReference; fileEncoding = 4; lastKnownFileType = sourcecode.swift; path = PostListLayout.swift; sourceTree = "<group>"; };
		BA3B81681DEAEBB500B41A49 /* PostListHandler.swift */ = {isa = PBXFileReference; fileEncoding = 4; lastKnownFileType = sourcecode.swift; path = PostListHandler.swift; sourceTree = "<group>"; };
		BA3B816B1DEAEED700B41A49 /* Networking.swift */ = {isa = PBXFileReference; fileEncoding = 4; lastKnownFileType = sourcecode.swift; path = Networking.swift; sourceTree = "<group>"; };
		BA3B816F1DEAF1E500B41A49 /* NetworkManager.swift */ = {isa = PBXFileReference; fileEncoding = 4; lastKnownFileType = sourcecode.swift; path = NetworkManager.swift; sourceTree = "<group>"; };
		BA3B81711DEAF30100B41A49 /* StubNetworkManager.swift */ = {isa = PBXFileReference; fileEncoding = 4; lastKnownFileType = sourcecode.swift; path = StubNetworkManager.swift; sourceTree = "<group>"; };
		BA3B81751DEAF49300B41A49 /* PostListControllerTests.swift */ = {isa = PBXFileReference; fileEncoding = 4; lastKnownFileType = sourcecode.swift; path = PostListControllerTests.swift; sourceTree = "<group>"; };
		BA3B81781DEAF56000B41A49 /* FakePostListView.swift */ = {isa = PBXFileReference; fileEncoding = 4; lastKnownFileType = sourcecode.swift; path = FakePostListView.swift; sourceTree = "<group>"; };
		BA3B817A1DEAF5B900B41A49 /* PostListController.swift */ = {isa = PBXFileReference; fileEncoding = 4; lastKnownFileType = sourcecode.swift; path = PostListController.swift; sourceTree = "<group>"; };
		BA3B817C1DEAFA3100B41A49 /* PostListLoadingView.swift */ = {isa = PBXFileReference; fileEncoding = 4; lastKnownFileType = sourcecode.swift; path = PostListLoadingView.swift; sourceTree = "<group>"; };
		BA3B817F1DEAFF1100B41A49 /* PostListRemoteService.swift */ = {isa = PBXFileReference; fileEncoding = 4; lastKnownFileType = sourcecode.swift; path = PostListRemoteService.swift; sourceTree = "<group>"; };
		BA3B81821DEAFFE400B41A49 /* RestPostListRemoteService.swift */ = {isa = PBXFileReference; fileEncoding = 4; lastKnownFileType = sourcecode.swift; path = RestPostListRemoteService.swift; sourceTree = "<group>"; };
		BA3B81841DEB003A00B41A49 /* RestPostListRemoteServiceTests.swift */ = {isa = PBXFileReference; fileEncoding = 4; lastKnownFileType = sourcecode.swift; path = RestPostListRemoteServiceTests.swift; sourceTree = "<group>"; };
		BA3B81871DEB02A700B41A49 /* Post.swift */ = {isa = PBXFileReference; fileEncoding = 4; lastKnownFileType = sourcecode.swift; path = Post.swift; sourceTree = "<group>"; };
		BAB48C101DEB36A60039FB96 /* PostParser.swift */ = {isa = PBXFileReference; fileEncoding = 4; lastKnownFileType = sourcecode.swift; path = PostParser.swift; sourceTree = "<group>"; };
		BAB48C121DEB36FE0039FB96 /* SwiftyJSONPostParser.swift */ = {isa = PBXFileReference; fileEncoding = 4; lastKnownFileType = sourcecode.swift; path = SwiftyJSONPostParser.swift; sourceTree = "<group>"; };
		BAB48C151DEB37AB0039FB96 /* SwiftyJSONPostParserTests.swift */ = {isa = PBXFileReference; fileEncoding = 4; lastKnownFileType = sourcecode.swift; path = SwiftyJSONPostParserTests.swift; sourceTree = "<group>"; };
		BAB48C171DEB41430039FB96 /* StubPostListRemoteService.swift */ = {isa = PBXFileReference; fileEncoding = 4; lastKnownFileType = sourcecode.swift; path = StubPostListRemoteService.swift; sourceTree = "<group>"; };
		BAB48C1A1DEB5CF70039FB96 /* PostDetailViewController.swift */ = {isa = PBXFileReference; fileEncoding = 4; lastKnownFileType = sourcecode.swift; path = PostDetailViewController.swift; sourceTree = "<group>"; };
		BAD726EA1DE3964D00E83F32 /* BabylonHealthDemo.app */ = {isa = PBXFileReference; explicitFileType = wrapper.application; includeInIndex = 0; path = BabylonHealthDemo.app; sourceTree = BUILT_PRODUCTS_DIR; };
		BAD726ED1DE3964D00E83F32 /* AppDelegate.swift */ = {isa = PBXFileReference; lastKnownFileType = sourcecode.swift; path = AppDelegate.swift; sourceTree = "<group>"; };
		BAD726F21DE3964D00E83F32 /* Base */ = {isa = PBXFileReference; lastKnownFileType = file.storyboard; name = Base; path = Base.lproj/Main.storyboard; sourceTree = "<group>"; };
		BAD726F71DE3964D00E83F32 /* Assets.xcassets */ = {isa = PBXFileReference; lastKnownFileType = folder.assetcatalog; name = Assets.xcassets; path = ../Assets.xcassets; sourceTree = "<group>"; };
		BAD726FA1DE3964D00E83F32 /* Base */ = {isa = PBXFileReference; lastKnownFileType = file.storyboard; name = Base; path = Base.lproj/LaunchScreen.storyboard; sourceTree = "<group>"; };
		BAD727011DE3964D00E83F32 /* BabylonHealthDemoTests.xctest */ = {isa = PBXFileReference; explicitFileType = wrapper.cfbundle; includeInIndex = 0; path = BabylonHealthDemoTests.xctest; sourceTree = BUILT_PRODUCTS_DIR; };
		BAD727071DE3964E00E83F32 /* Info.plist */ = {isa = PBXFileReference; lastKnownFileType = text.plist.xml; path = Info.plist; sourceTree = "<group>"; };
		BAD727211DE3992000E83F32 /* Info.plist */ = {isa = PBXFileReference; fileEncoding = 4; lastKnownFileType = text.plist.xml; path = Info.plist; sourceTree = "<group>"; };
		BAD727291DE39A3100E83F32 /* PostListViewController.swift */ = {isa = PBXFileReference; fileEncoding = 4; lastKnownFileType = sourcecode.swift; path = PostListViewController.swift; sourceTree = "<group>"; };
		EC1A3C8B2BE523E31795255C /* Pods_BabylonHealthDemo.framework */ = {isa = PBXFileReference; explicitFileType = wrapper.framework; includeInIndex = 0; path = Pods_BabylonHealthDemo.framework; sourceTree = BUILT_PRODUCTS_DIR; };
/* End PBXFileReference section */

/* Begin PBXFrameworksBuildPhase section */
		BAD726E71DE3964D00E83F32 /* Frameworks */ = {
			isa = PBXFrameworksBuildPhase;
			buildActionMask = 2147483647;
			files = (
				4ECD7F61C17B21BA89AF91B9 /* Pods_BabylonHealthDemo.framework in Frameworks */,
			);
			runOnlyForDeploymentPostprocessing = 0;
		};
		BAD726FE1DE3964D00E83F32 /* Frameworks */ = {
			isa = PBXFrameworksBuildPhase;
			buildActionMask = 2147483647;
			files = (
			);
			runOnlyForDeploymentPostprocessing = 0;
		};
/* End PBXFrameworksBuildPhase section */

/* Begin PBXGroup section */
		28E10F824C8E72A4EB2EAB89 /* Pods */ = {
			isa = PBXGroup;
			children = (
				A17661B548CA02D8EA9EE576 /* Pods-BabylonHealthDemo.debug.xcconfig */,
				A8C84CDE1B08468823A36D08 /* Pods-BabylonHealthDemo.release.xcconfig */,
			);
			name = Pods;
			sourceTree = "<group>";
		};
		4D63FF81663A5D5CF22177DD /* Frameworks */ = {
			isa = PBXGroup;
			children = (
				EC1A3C8B2BE523E31795255C /* Pods_BabylonHealthDemo.framework */,
			);
			name = Frameworks;
			sourceTree = "<group>";
		};
		BA3B81671DEAEB9D00B41A49 /* Controllers */ = {
			isa = PBXGroup;
			children = (
				BA3B81681DEAEBB500B41A49 /* PostListHandler.swift */,
				BA3B817A1DEAF5B900B41A49 /* PostListController.swift */,
			);
			path = Controllers;
			sourceTree = "<group>";
		};
		BA3B816A1DEAEECC00B41A49 /* Networking */ = {
			isa = PBXGroup;
			children = (
				BA3B816B1DEAEED700B41A49 /* Networking.swift */,
				BA3B816F1DEAF1E500B41A49 /* NetworkManager.swift */,
			);
			path = Networking;
			sourceTree = "<group>";
		};
		BA3B816D1DEAF1CB00B41A49 /* Common */ = {
			isa = PBXGroup;
			children = (
				BA3B816E1DEAF1CB00B41A49 /* Networking */,
			);
			path = Common;
			sourceTree = "<group>";
		};
		BA3B816E1DEAF1CB00B41A49 /* Networking */ = {
			isa = PBXGroup;
			children = (
				BA3B81711DEAF30100B41A49 /* StubNetworkManager.swift */,
			);
			path = Networking;
			sourceTree = "<group>";
		};
		BA3B81731DEAF48200B41A49 /* PostList */ = {
			isa = PBXGroup;
			children = (
				BAB48C141DEB378F0039FB96 /* Models */,
				BA3B81811DEAFFA100B41A49 /* Services */,
				BA3B81771DEAF53B00B41A49 /* Views */,
				BA3B81741DEAF48200B41A49 /* Controllers */,
			);
			path = PostList;
			sourceTree = "<group>";
		};
		BA3B81741DEAF48200B41A49 /* Controllers */ = {
			isa = PBXGroup;
			children = (
				BA3B81751DEAF49300B41A49 /* PostListControllerTests.swift */,
			);
			path = Controllers;
			sourceTree = "<group>";
		};
		BA3B81771DEAF53B00B41A49 /* Views */ = {
			isa = PBXGroup;
			children = (
				BA3B81781DEAF56000B41A49 /* FakePostListView.swift */,
			);
			path = Views;
			sourceTree = "<group>";
		};
		BA3B817E1DEAFE8B00B41A49 /* Services */ = {
			isa = PBXGroup;
			children = (
				BA3B817F1DEAFF1100B41A49 /* PostListRemoteService.swift */,
				BA3B81821DEAFFE400B41A49 /* RestPostListRemoteService.swift */,
			);
			path = Services;
			sourceTree = "<group>";
		};
		BA3B81811DEAFFA100B41A49 /* Services */ = {
			isa = PBXGroup;
			children = (
				BA3B81841DEB003A00B41A49 /* RestPostListRemoteServiceTests.swift */,
				BAB48C171DEB41430039FB96 /* StubPostListRemoteService.swift */,
			);
			path = Services;
			sourceTree = "<group>";
		};
		BA3B81861DEB028B00B41A49 /* Models */ = {
			isa = PBXGroup;
			children = (
				BA3B81871DEB02A700B41A49 /* Post.swift */,
				BAB48C101DEB36A60039FB96 /* PostParser.swift */,
				BAB48C121DEB36FE0039FB96 /* SwiftyJSONPostParser.swift */,
			);
			path = Models;
			sourceTree = "<group>";
		};
		BAB48C141DEB378F0039FB96 /* Models */ = {
			isa = PBXGroup;
			children = (
				BAB48C151DEB37AB0039FB96 /* SwiftyJSONPostParserTests.swift */,
			);
			path = Models;
			sourceTree = "<group>";
		};
		BAB48C191DEB5CDD0039FB96 /* Views */ = {
			isa = PBXGroup;
			children = (
				BAB48C1A1DEB5CF70039FB96 /* PostDetailViewController.swift */,
			);
			path = Views;
			sourceTree = "<group>";
		};
		BAD726E11DE3964D00E83F32 = {
			isa = PBXGroup;
			children = (
				BAD726EC1DE3964D00E83F32 /* BabylonHealthDemo */,
				BAD727041DE3964D00E83F32 /* BabylonHealthDemoTests */,
				BAD726EB1DE3964D00E83F32 /* Products */,
				28E10F824C8E72A4EB2EAB89 /* Pods */,
				4D63FF81663A5D5CF22177DD /* Frameworks */,
			);
			sourceTree = "<group>";
		};
		BAD726EB1DE3964D00E83F32 /* Products */ = {
			isa = PBXGroup;
			children = (
				BAD726EA1DE3964D00E83F32 /* BabylonHealthDemo.app */,
				BAD727011DE3964D00E83F32 /* BabylonHealthDemoTests.xctest */,
			);
			name = Products;
			sourceTree = "<group>";
		};
		BAD726EC1DE3964D00E83F32 /* BabylonHealthDemo */ = {
			isa = PBXGroup;
			children = (
				BAD727231DE399FB00E83F32 /* Common */,
				BAD727241DE399FB00E83F32 /* PostDetail */,
				BAD727251DE399FB00E83F32 /* PostList */,
				BAD727201DE3992000E83F32 /* Resources */,
				BAD726ED1DE3964D00E83F32 /* AppDelegate.swift */,
			);
			path = BabylonHealthDemo;
			sourceTree = "<group>";
		};
		BAD727041DE3964D00E83F32 /* BabylonHealthDemoTests */ = {
			isa = PBXGroup;
			children = (
				BA3B81731DEAF48200B41A49 /* PostList */,
				BA3B816D1DEAF1CB00B41A49 /* Common */,
				BAD727071DE3964E00E83F32 /* Info.plist */,
			);
			path = BabylonHealthDemoTests;
			sourceTree = "<group>";
		};
		BAD727201DE3992000E83F32 /* Resources */ = {
			isa = PBXGroup;
			children = (
				BA3B815D1DEAD4C900B41A49 /* BabylonHealthDemo.xcdatamodeld */,
				BAD727211DE3992000E83F32 /* Info.plist */,
				BAD726F71DE3964D00E83F32 /* Assets.xcassets */,
				BAD726F11DE3964D00E83F32 /* Main.storyboard */,
				BAD726F91DE3964D00E83F32 /* LaunchScreen.storyboard */,
			);
			path = Resources;
			sourceTree = "<group>";
		};
		BAD727231DE399FB00E83F32 /* Common */ = {
			isa = PBXGroup;
			children = (
				BA3B816A1DEAEECC00B41A49 /* Networking */,
				BAD7272B1DE3A41E00E83F32 /* Store */,
			);
			path = Common;
			sourceTree = "<group>";
		};
		BAD727241DE399FB00E83F32 /* PostDetail */ = {
			isa = PBXGroup;
			children = (
				BAB48C191DEB5CDD0039FB96 /* Views */,
			);
			path = PostDetail;
			sourceTree = "<group>";
		};
		BAD727251DE399FB00E83F32 /* PostList */ = {
			isa = PBXGroup;
			children = (
				BA3B81861DEB028B00B41A49 /* Models */,
				BA3B817E1DEAFE8B00B41A49 /* Services */,
				BA3B81671DEAEB9D00B41A49 /* Controllers */,
				BAD727281DE39A3100E83F32 /* Views */,
			);
			path = PostList;
			sourceTree = "<group>";
		};
		BAD727281DE39A3100E83F32 /* Views */ = {
			isa = PBXGroup;
			children = (
				BAD727291DE39A3100E83F32 /* PostListViewController.swift */,
				BA3B81601DEADE2500B41A49 /* PostListCell.swift */,
				BA3B81651DEAEB5F00B41A49 /* PostListLayout.swift */,
				BA3B817C1DEAFA3100B41A49 /* PostListLoadingView.swift */,
			);
			path = Views;
			sourceTree = "<group>";
		};
		BAD7272B1DE3A41E00E83F32 /* Store */ = {
			isa = PBXGroup;
			children = (
			);
			path = Store;
			sourceTree = "<group>";
		};
/* End PBXGroup section */

/* Begin PBXNativeTarget section */
		BAD726E91DE3964D00E83F32 /* BabylonHealthDemo */ = {
			isa = PBXNativeTarget;
			buildConfigurationList = BAD7270A1DE3964E00E83F32 /* Build configuration list for PBXNativeTarget "BabylonHealthDemo" */;
			buildPhases = (
				10F3561A92EB41516E8054E9 /* [CP] Check Pods Manifest.lock */,
				BAD726E61DE3964D00E83F32 /* Sources */,
				BAD726E71DE3964D00E83F32 /* Frameworks */,
				BAD726E81DE3964D00E83F32 /* Resources */,
				1E6E4EBFEFA79AC28D02E6A6 /* [CP] Embed Pods Frameworks */,
				48B79FB657388DEF68600C07 /* [CP] Copy Pods Resources */,
			);
			buildRules = (
			);
			dependencies = (
			);
			name = BabylonHealthDemo;
			productName = BabylonHealthDemo;
			productReference = BAD726EA1DE3964D00E83F32 /* BabylonHealthDemo.app */;
			productType = "com.apple.product-type.application";
		};
		BAD727001DE3964D00E83F32 /* BabylonHealthDemoTests */ = {
			isa = PBXNativeTarget;
			buildConfigurationList = BAD7270D1DE3964E00E83F32 /* Build configuration list for PBXNativeTarget "BabylonHealthDemoTests" */;
			buildPhases = (
				BAD726FD1DE3964D00E83F32 /* Sources */,
				BAD726FE1DE3964D00E83F32 /* Frameworks */,
				BAD726FF1DE3964D00E83F32 /* Resources */,
			);
			buildRules = (
			);
			dependencies = (
				BAD727031DE3964D00E83F32 /* PBXTargetDependency */,
			);
			name = BabylonHealthDemoTests;
			productName = BabylonHealthDemoTests;
			productReference = BAD727011DE3964D00E83F32 /* BabylonHealthDemoTests.xctest */;
			productType = "com.apple.product-type.bundle.unit-test";
		};
/* End PBXNativeTarget section */

/* Begin PBXProject section */
		BAD726E21DE3964D00E83F32 /* Project object */ = {
			isa = PBXProject;
			attributes = {
				LastSwiftUpdateCheck = 0810;
				LastUpgradeCheck = 0810;
				ORGANIZATIONNAME = "Giuseppe Morana";
				TargetAttributes = {
					BAD726E91DE3964D00E83F32 = {
						CreatedOnToolsVersion = 8.1;
						DevelopmentTeam = 737F3CPAC5;
						ProvisioningStyle = Automatic;
					};
					BAD727001DE3964D00E83F32 = {
						CreatedOnToolsVersion = 8.1;
						DevelopmentTeam = 737F3CPAC5;
						LastSwiftMigration = 0810;
						ProvisioningStyle = Automatic;
						TestTargetID = BAD726E91DE3964D00E83F32;
					};
				};
			};
			buildConfigurationList = BAD726E51DE3964D00E83F32 /* Build configuration list for PBXProject "BabylonHealthDemo" */;
			compatibilityVersion = "Xcode 3.2";
			developmentRegion = English;
			hasScannedForEncodings = 0;
			knownRegions = (
				en,
				Base,
			);
			mainGroup = BAD726E11DE3964D00E83F32;
			productRefGroup = BAD726EB1DE3964D00E83F32 /* Products */;
			projectDirPath = "";
			projectRoot = "";
			targets = (
				BAD726E91DE3964D00E83F32 /* BabylonHealthDemo */,
				BAD727001DE3964D00E83F32 /* BabylonHealthDemoTests */,
			);
		};
/* End PBXProject section */

/* Begin PBXResourcesBuildPhase section */
		BAD726E81DE3964D00E83F32 /* Resources */ = {
			isa = PBXResourcesBuildPhase;
			buildActionMask = 2147483647;
			files = (
				BAD726FB1DE3964D00E83F32 /* LaunchScreen.storyboard in Resources */,
				BAD726F81DE3964D00E83F32 /* Assets.xcassets in Resources */,
				BAD726F31DE3964D00E83F32 /* Main.storyboard in Resources */,
			);
			runOnlyForDeploymentPostprocessing = 0;
		};
		BAD726FF1DE3964D00E83F32 /* Resources */ = {
			isa = PBXResourcesBuildPhase;
			buildActionMask = 2147483647;
			files = (
			);
			runOnlyForDeploymentPostprocessing = 0;
		};
/* End PBXResourcesBuildPhase section */

/* Begin PBXShellScriptBuildPhase section */
		10F3561A92EB41516E8054E9 /* [CP] Check Pods Manifest.lock */ = {
			isa = PBXShellScriptBuildPhase;
			buildActionMask = 2147483647;
			files = (
			);
			inputPaths = (
			);
			name = "[CP] Check Pods Manifest.lock";
			outputPaths = (
			);
			runOnlyForDeploymentPostprocessing = 0;
			shellPath = /bin/sh;
			shellScript = "diff \"${PODS_ROOT}/../Podfile.lock\" \"${PODS_ROOT}/Manifest.lock\" > /dev/null\nif [ $? != 0 ] ; then\n    # print error to STDERR\n    echo \"error: The sandbox is not in sync with the Podfile.lock. Run 'pod install' or update your CocoaPods installation.\" >&2\n    exit 1\nfi\n";
			showEnvVarsInLog = 0;
		};
		1E6E4EBFEFA79AC28D02E6A6 /* [CP] Embed Pods Frameworks */ = {
			isa = PBXShellScriptBuildPhase;
			buildActionMask = 2147483647;
			files = (
			);
			inputPaths = (
			);
			name = "[CP] Embed Pods Frameworks";
			outputPaths = (
			);
			runOnlyForDeploymentPostprocessing = 0;
			shellPath = /bin/sh;
			shellScript = "\"${SRCROOT}/Pods/Target Support Files/Pods-BabylonHealthDemo/Pods-BabylonHealthDemo-frameworks.sh\"\n";
			showEnvVarsInLog = 0;
		};
		48B79FB657388DEF68600C07 /* [CP] Copy Pods Resources */ = {
			isa = PBXShellScriptBuildPhase;
			buildActionMask = 2147483647;
			files = (
			);
			inputPaths = (
			);
			name = "[CP] Copy Pods Resources";
			outputPaths = (
			);
			runOnlyForDeploymentPostprocessing = 0;
			shellPath = /bin/sh;
			shellScript = "\"${SRCROOT}/Pods/Target Support Files/Pods-BabylonHealthDemo/Pods-BabylonHealthDemo-resources.sh\"\n";
			showEnvVarsInLog = 0;
		};
/* End PBXShellScriptBuildPhase section */

/* Begin PBXSourcesBuildPhase section */
		BAD726E61DE3964D00E83F32 /* Sources */ = {
			isa = PBXSourcesBuildPhase;
			buildActionMask = 2147483647;
			files = (
				BA3B81691DEAEBB500B41A49 /* PostListHandler.swift in Sources */,
				BAB48C1B1DEB5CF70039FB96 /* PostDetailViewController.swift in Sources */,
				BAD7272A1DE39A3100E83F32 /* PostListViewController.swift in Sources */,
				BA3B81661DEAEB5F00B41A49 /* PostListLayout.swift in Sources */,
				BA3B81831DEAFFE400B41A49 /* RestPostListRemoteService.swift in Sources */,
				BA3B81881DEB02A700B41A49 /* Post.swift in Sources */,
				BA3B817D1DEAFA3100B41A49 /* PostListLoadingView.swift in Sources */,
				BAD726EE1DE3964D00E83F32 /* AppDelegate.swift in Sources */,
				BA3B81701DEAF1E500B41A49 /* NetworkManager.swift in Sources */,
				BA3B817B1DEAF5B900B41A49 /* PostListController.swift in Sources */,
				BA3B815F1DEAD4C900B41A49 /* BabylonHealthDemo.xcdatamodeld in Sources */,
				BAB48C111DEB36A60039FB96 /* PostParser.swift in Sources */,
				BA3B81801DEAFF1100B41A49 /* PostListRemoteService.swift in Sources */,
				BA3B81611DEADE2500B41A49 /* PostListCell.swift in Sources */,
				BA3B816C1DEAEED700B41A49 /* Networking.swift in Sources */,
				BAB48C131DEB36FE0039FB96 /* SwiftyJSONPostParser.swift in Sources */,
			);
			runOnlyForDeploymentPostprocessing = 0;
		};
		BAD726FD1DE3964D00E83F32 /* Sources */ = {
			isa = PBXSourcesBuildPhase;
			buildActionMask = 2147483647;
			files = (
				BAB48C161DEB37AB0039FB96 /* SwiftyJSONPostParserTests.swift in Sources */,
				BAB48C181DEB41430039FB96 /* StubPostListRemoteService.swift in Sources */,
				BA3B81791DEAF56000B41A49 /* FakePostListView.swift in Sources */,
				BA3B81721DEAF30100B41A49 /* StubNetworkManager.swift in Sources */,
				BA3B81761DEAF49300B41A49 /* PostListControllerTests.swift in Sources */,
				BA3B81851DEB003A00B41A49 /* RestPostListRemoteServiceTests.swift in Sources */,
			);
			runOnlyForDeploymentPostprocessing = 0;
		};
/* End PBXSourcesBuildPhase section */

/* Begin PBXTargetDependency section */
		BAD727031DE3964D00E83F32 /* PBXTargetDependency */ = {
			isa = PBXTargetDependency;
			target = BAD726E91DE3964D00E83F32 /* BabylonHealthDemo */;
			targetProxy = BAD727021DE3964D00E83F32 /* PBXContainerItemProxy */;
		};
/* End PBXTargetDependency section */

/* Begin PBXVariantGroup section */
		BAD726F11DE3964D00E83F32 /* Main.storyboard */ = {
			isa = PBXVariantGroup;
			children = (
				BAD726F21DE3964D00E83F32 /* Base */,
			);
			name = Main.storyboard;
			path = ..;
			sourceTree = "<group>";
		};
		BAD726F91DE3964D00E83F32 /* LaunchScreen.storyboard */ = {
			isa = PBXVariantGroup;
			children = (
				BAD726FA1DE3964D00E83F32 /* Base */,
			);
			name = LaunchScreen.storyboard;
			path = ..;
			sourceTree = "<group>";
		};
/* End PBXVariantGroup section */

/* Begin XCBuildConfiguration section */
		BAD727081DE3964E00E83F32 /* Debug */ = {
			isa = XCBuildConfiguration;
			buildSettings = {
				ALWAYS_SEARCH_USER_PATHS = NO;
				CLANG_ANALYZER_NONNULL = YES;
				CLANG_CXX_LANGUAGE_STANDARD = "gnu++0x";
				CLANG_CXX_LIBRARY = "libc++";
				CLANG_ENABLE_MODULES = YES;
				CLANG_ENABLE_OBJC_ARC = YES;
				CLANG_WARN_BOOL_CONVERSION = YES;
				CLANG_WARN_CONSTANT_CONVERSION = YES;
				CLANG_WARN_DIRECT_OBJC_ISA_USAGE = YES_ERROR;
				CLANG_WARN_DOCUMENTATION_COMMENTS = YES;
				CLANG_WARN_EMPTY_BODY = YES;
				CLANG_WARN_ENUM_CONVERSION = YES;
				CLANG_WARN_INFINITE_RECURSION = YES;
				CLANG_WARN_INT_CONVERSION = YES;
				CLANG_WARN_OBJC_ROOT_CLASS = YES_ERROR;
				CLANG_WARN_SUSPICIOUS_MOVE = YES;
				CLANG_WARN_SUSPICIOUS_MOVES = YES;
				CLANG_WARN_UNREACHABLE_CODE = YES;
				CLANG_WARN__DUPLICATE_METHOD_MATCH = YES;
				"CODE_SIGN_IDENTITY[sdk=iphoneos*]" = "iPhone Developer";
				COPY_PHASE_STRIP = NO;
				DEBUG_INFORMATION_FORMAT = dwarf;
				ENABLE_STRICT_OBJC_MSGSEND = YES;
				ENABLE_TESTABILITY = YES;
				GCC_C_LANGUAGE_STANDARD = gnu99;
				GCC_DYNAMIC_NO_PIC = NO;
				GCC_NO_COMMON_BLOCKS = YES;
				GCC_OPTIMIZATION_LEVEL = 0;
				GCC_PREPROCESSOR_DEFINITIONS = (
					"DEBUG=1",
					"$(inherited)",
				);
				GCC_WARN_64_TO_32_BIT_CONVERSION = YES;
				GCC_WARN_ABOUT_RETURN_TYPE = YES_ERROR;
				GCC_WARN_UNDECLARED_SELECTOR = YES;
				GCC_WARN_UNINITIALIZED_AUTOS = YES_AGGRESSIVE;
				GCC_WARN_UNUSED_FUNCTION = YES;
				GCC_WARN_UNUSED_VARIABLE = YES;
				IPHONEOS_DEPLOYMENT_TARGET = 10.1;
				MTL_ENABLE_DEBUG_INFO = YES;
				ONLY_ACTIVE_ARCH = YES;
				SDKROOT = iphoneos;
				SWIFT_ACTIVE_COMPILATION_CONDITIONS = DEBUG;
				SWIFT_OPTIMIZATION_LEVEL = "-Onone";
				TARGETED_DEVICE_FAMILY = "1,2";
			};
			name = Debug;
		};
		BAD727091DE3964E00E83F32 /* Release */ = {
			isa = XCBuildConfiguration;
			buildSettings = {
				ALWAYS_SEARCH_USER_PATHS = NO;
				CLANG_ANALYZER_NONNULL = YES;
				CLANG_CXX_LANGUAGE_STANDARD = "gnu++0x";
				CLANG_CXX_LIBRARY = "libc++";
				CLANG_ENABLE_MODULES = YES;
				CLANG_ENABLE_OBJC_ARC = YES;
				CLANG_WARN_BOOL_CONVERSION = YES;
				CLANG_WARN_CONSTANT_CONVERSION = YES;
				CLANG_WARN_DIRECT_OBJC_ISA_USAGE = YES_ERROR;
				CLANG_WARN_DOCUMENTATION_COMMENTS = YES;
				CLANG_WARN_EMPTY_BODY = YES;
				CLANG_WARN_ENUM_CONVERSION = YES;
				CLANG_WARN_INFINITE_RECURSION = YES;
				CLANG_WARN_INT_CONVERSION = YES;
				CLANG_WARN_OBJC_ROOT_CLASS = YES_ERROR;
				CLANG_WARN_SUSPICIOUS_MOVE = YES;
				CLANG_WARN_SUSPICIOUS_MOVES = YES;
				CLANG_WARN_UNREACHABLE_CODE = YES;
				CLANG_WARN__DUPLICATE_METHOD_MATCH = YES;
				"CODE_SIGN_IDENTITY[sdk=iphoneos*]" = "iPhone Developer";
				COPY_PHASE_STRIP = NO;
				DEBUG_INFORMATION_FORMAT = "dwarf-with-dsym";
				ENABLE_NS_ASSERTIONS = NO;
				ENABLE_STRICT_OBJC_MSGSEND = YES;
				GCC_C_LANGUAGE_STANDARD = gnu99;
				GCC_NO_COMMON_BLOCKS = YES;
				GCC_WARN_64_TO_32_BIT_CONVERSION = YES;
				GCC_WARN_ABOUT_RETURN_TYPE = YES_ERROR;
				GCC_WARN_UNDECLARED_SELECTOR = YES;
				GCC_WARN_UNINITIALIZED_AUTOS = YES_AGGRESSIVE;
				GCC_WARN_UNUSED_FUNCTION = YES;
				GCC_WARN_UNUSED_VARIABLE = YES;
				IPHONEOS_DEPLOYMENT_TARGET = 10.1;
				MTL_ENABLE_DEBUG_INFO = NO;
				SDKROOT = iphoneos;
				SWIFT_OPTIMIZATION_LEVEL = "-Owholemodule";
				TARGETED_DEVICE_FAMILY = "1,2";
				VALIDATE_PRODUCT = YES;
			};
			name = Release;
		};
		BAD7270B1DE3964E00E83F32 /* Debug */ = {
			isa = XCBuildConfiguration;
			baseConfigurationReference = A17661B548CA02D8EA9EE576 /* Pods-BabylonHealthDemo.debug.xcconfig */;
			buildSettings = {
				ALWAYS_EMBED_SWIFT_STANDARD_LIBRARIES = YES;
				ASSETCATALOG_COMPILER_APPICON_NAME = AppIcon;
				"CODE_SIGN_IDENTITY[sdk=iphoneos*]" = "iPhone Developer";
				DEVELOPMENT_TEAM = 737F3CPAC5;
				INFOPLIST_FILE = "$(SRCROOT)/BabylonHealthDemo/Resources/Info.plist";
				LD_RUNPATH_SEARCH_PATHS = "$(inherited) @executable_path/Frameworks";
				PRODUCT_BUNDLE_IDENTIFIER = eugenio79.BabylonHealthDemo;
				PRODUCT_NAME = "$(TARGET_NAME)";
				SWIFT_VERSION = 3.0;
				TARGETED_DEVICE_FAMILY = 1;
			};
			name = Debug;
		};
		BAD7270C1DE3964E00E83F32 /* Release */ = {
			isa = XCBuildConfiguration;
			baseConfigurationReference = A8C84CDE1B08468823A36D08 /* Pods-BabylonHealthDemo.release.xcconfig */;
			buildSettings = {
				ALWAYS_EMBED_SWIFT_STANDARD_LIBRARIES = YES;
				ASSETCATALOG_COMPILER_APPICON_NAME = AppIcon;
				"CODE_SIGN_IDENTITY[sdk=iphoneos*]" = "iPhone Developer";
				DEVELOPMENT_TEAM = 737F3CPAC5;
				INFOPLIST_FILE = "$(SRCROOT)/BabylonHealthDemo/Resources/Info.plist";
				LD_RUNPATH_SEARCH_PATHS = "$(inherited) @executable_path/Frameworks";
				PRODUCT_BUNDLE_IDENTIFIER = eugenio79.BabylonHealthDemo;
				PRODUCT_NAME = "$(TARGET_NAME)";
				SWIFT_VERSION = 3.0;
				TARGETED_DEVICE_FAMILY = 1;
			};
			name = Release;
		};
		BAD7270E1DE3964E00E83F32 /* Debug */ = {
			isa = XCBuildConfiguration;
			buildSettings = {
				ALWAYS_EMBED_SWIFT_STANDARD_LIBRARIES = YES;
				BUNDLE_LOADER = "$(TEST_HOST)";
				CLANG_ENABLE_MODULES = YES;
				"CODE_SIGN_IDENTITY[sdk=iphoneos*]" = "iPhone Developer";
				DEVELOPMENT_TEAM = 737F3CPAC5;
				INFOPLIST_FILE = BabylonHealthDemoTests/Info.plist;
				LD_RUNPATH_SEARCH_PATHS = "$(inherited) @executable_path/Frameworks @loader_path/Frameworks";
				PRODUCT_BUNDLE_IDENTIFIER = eugenio79.BabylonHealthDemoTests;
				PRODUCT_NAME = "$(TARGET_NAME)";
				SWIFT_OPTIMIZATION_LEVEL = "-Onone";
				SWIFT_VERSION = 3.0;
				TEST_HOST = "$(BUILT_PRODUCTS_DIR)/BabylonHealthDemo.app/BabylonHealthDemo";
			};
			name = Debug;
		};
		BAD7270F1DE3964E00E83F32 /* Release */ = {
			isa = XCBuildConfiguration;
			buildSettings = {
				ALWAYS_EMBED_SWIFT_STANDARD_LIBRARIES = YES;
				BUNDLE_LOADER = "$(TEST_HOST)";
				CLANG_ENABLE_MODULES = YES;
				"CODE_SIGN_IDENTITY[sdk=iphoneos*]" = "iPhone Developer";
				DEVELOPMENT_TEAM = 737F3CPAC5;
				INFOPLIST_FILE = BabylonHealthDemoTests/Info.plist;
				LD_RUNPATH_SEARCH_PATHS = "$(inherited) @executable_path/Frameworks @loader_path/Frameworks";
				PRODUCT_BUNDLE_IDENTIFIER = eugenio79.BabylonHealthDemoTests;
				PRODUCT_NAME = "$(TARGET_NAME)";
				SWIFT_VERSION = 3.0;
				TEST_HOST = "$(BUILT_PRODUCTS_DIR)/BabylonHealthDemo.app/BabylonHealthDemo";
			};
			name = Release;
		};
/* End XCBuildConfiguration section */

/* Begin XCConfigurationList section */
		BAD726E51DE3964D00E83F32 /* Build configuration list for PBXProject "BabylonHealthDemo" */ = {
			isa = XCConfigurationList;
			buildConfigurations = (
				BAD727081DE3964E00E83F32 /* Debug */,
				BAD727091DE3964E00E83F32 /* Release */,
			);
			defaultConfigurationIsVisible = 0;
			defaultConfigurationName = Release;
		};
		BAD7270A1DE3964E00E83F32 /* Build configuration list for PBXNativeTarget "BabylonHealthDemo" */ = {
			isa = XCConfigurationList;
			buildConfigurations = (
				BAD7270B1DE3964E00E83F32 /* Debug */,
				BAD7270C1DE3964E00E83F32 /* Release */,
			);
			defaultConfigurationIsVisible = 0;
			defaultConfigurationName = Release;
		};
		BAD7270D1DE3964E00E83F32 /* Build configuration list for PBXNativeTarget "BabylonHealthDemoTests" */ = {
			isa = XCConfigurationList;
			buildConfigurations = (
				BAD7270E1DE3964E00E83F32 /* Debug */,
				BAD7270F1DE3964E00E83F32 /* Release */,
			);
			defaultConfigurationIsVisible = 0;
			defaultConfigurationName = Release;
		};
/* End XCConfigurationList section */

/* Begin XCVersionGroup section */
		BA3B815D1DEAD4C900B41A49 /* BabylonHealthDemo.xcdatamodeld */ = {
			isa = XCVersionGroup;
			children = (
				BA3B815E1DEAD4C900B41A49 /* BabylonHealthDemo.xcdatamodel */,
			);
			currentVersion = BA3B815E1DEAD4C900B41A49 /* BabylonHealthDemo.xcdatamodel */;
			name = BabylonHealthDemo.xcdatamodeld;
			path = ../BabylonHealthDemo.xcdatamodeld;
			sourceTree = "<group>";
			versionGroupType = wrapper.xcdatamodel;
		};
/* End XCVersionGroup section */
	};
	rootObject = BAD726E21DE3964D00E83F32 /* Project object */;
}
