// !$*UTF8*$!
{
	archiveVersion = 1;
	classes = {
	};
	objectVersion = 46;
	objects = {

/* Begin PBXBuildFile section */
		4ECD7F61C17B21BA89AF91B9 /* Pods_BabylonHealthDemo.framework in Frameworks */ = {isa = PBXBuildFile; fileRef = EC1A3C8B2BE523E31795255C /* Pods_BabylonHealthDemo.framework */; };
		BA3954E91DEE19F600FC1720 /* CommentSyncing.swift in Sources */ = {isa = PBXBuildFile; fileRef = BA3954E81DEE19F600FC1720 /* CommentSyncing.swift */; };
		BA3954EB1DEE1A5300FC1720 /* RestToCDCommentSync.swift in Sources */ = {isa = PBXBuildFile; fileRef = BA3954EA1DEE1A5300FC1720 /* RestToCDCommentSync.swift */; };
		BA3954ED1DEE1C1600FC1720 /* RestToCDCommentSyncTests.swift in Sources */ = {isa = PBXBuildFile; fileRef = BA3954EC1DEE1C1600FC1720 /* RestToCDCommentSyncTests.swift */; };
		BA3954EF1DEE2D2400FC1720 /* SyncEngine.swift in Sources */ = {isa = PBXBuildFile; fileRef = BA3954EE1DEE2D2400FC1720 /* SyncEngine.swift */; };
		BA3954F11DEE2D7200FC1720 /* RestToCoreDataSync.swift in Sources */ = {isa = PBXBuildFile; fileRef = BA3954F01DEE2D7200FC1720 /* RestToCoreDataSync.swift */; };
		BA3954F51DEE2DD100FC1720 /* RestToCoreDataSyncTests.swift in Sources */ = {isa = PBXBuildFile; fileRef = BA3954F41DEE2DD100FC1720 /* RestToCoreDataSyncTests.swift */; };
		BA3B815F1DEAD4C900B41A49 /* BabylonHealthDemo.xcdatamodeld in Sources */ = {isa = PBXBuildFile; fileRef = BA3B815D1DEAD4C900B41A49 /* BabylonHealthDemo.xcdatamodeld */; };
		BA3B81611DEADE2500B41A49 /* PostListCell.swift in Sources */ = {isa = PBXBuildFile; fileRef = BA3B81601DEADE2500B41A49 /* PostListCell.swift */; };
		BA3B81661DEAEB5F00B41A49 /* PostListLayout.swift in Sources */ = {isa = PBXBuildFile; fileRef = BA3B81651DEAEB5F00B41A49 /* PostListLayout.swift */; };
		BA3B81691DEAEBB500B41A49 /* PostListHandler.swift in Sources */ = {isa = PBXBuildFile; fileRef = BA3B81681DEAEBB500B41A49 /* PostListHandler.swift */; };
		BA3B816C1DEAEED700B41A49 /* Networking.swift in Sources */ = {isa = PBXBuildFile; fileRef = BA3B816B1DEAEED700B41A49 /* Networking.swift */; };
		BA3B81701DEAF1E500B41A49 /* NetworkManager.swift in Sources */ = {isa = PBXBuildFile; fileRef = BA3B816F1DEAF1E500B41A49 /* NetworkManager.swift */; };
		BA3B81721DEAF30100B41A49 /* StubNetworkManager.swift in Sources */ = {isa = PBXBuildFile; fileRef = BA3B81711DEAF30100B41A49 /* StubNetworkManager.swift */; };
		BA3B81761DEAF49300B41A49 /* PostListControllerTests.swift in Sources */ = {isa = PBXBuildFile; fileRef = BA3B81751DEAF49300B41A49 /* PostListControllerTests.swift */; };
		BA3B81791DEAF56000B41A49 /* FakePostListView.swift in Sources */ = {isa = PBXBuildFile; fileRef = BA3B81781DEAF56000B41A49 /* FakePostListView.swift */; };
		BA3B817B1DEAF5B900B41A49 /* PostListController.swift in Sources */ = {isa = PBXBuildFile; fileRef = BA3B817A1DEAF5B900B41A49 /* PostListController.swift */; };
		BA3B817D1DEAFA3100B41A49 /* PostListLoadingView.swift in Sources */ = {isa = PBXBuildFile; fileRef = BA3B817C1DEAFA3100B41A49 /* PostListLoadingView.swift */; };
		BA96A17F1DF3690A0082B66E /* StubSyncEngine.swift in Sources */ = {isa = PBXBuildFile; fileRef = BA96A17E1DF3690A0082B66E /* StubSyncEngine.swift */; };
		BA96A1821DF36A5C0082B66E /* StubUserSync.swift in Sources */ = {isa = PBXBuildFile; fileRef = BA96A1811DF36A5C0082B66E /* StubUserSync.swift */; };
		BA96A1841DF36A650082B66E /* StubPostSync.swift in Sources */ = {isa = PBXBuildFile; fileRef = BA96A1831DF36A650082B66E /* StubPostSync.swift */; };
		BA96A1861DF36A6D0082B66E /* StubCommentSync.swift in Sources */ = {isa = PBXBuildFile; fileRef = BA96A1851DF36A6D0082B66E /* StubCommentSync.swift */; };
		BAB48C1B1DEB5CF70039FB96 /* PostDetailViewController.swift in Sources */ = {isa = PBXBuildFile; fileRef = BAB48C1A1DEB5CF70039FB96 /* PostDetailViewController.swift */; };
		BAB48C211DEB66710039FB96 /* PostDetailHandler.swift in Sources */ = {isa = PBXBuildFile; fileRef = BAB48C201DEB66710039FB96 /* PostDetailHandler.swift */; };
		BAB48C231DEB66810039FB96 /* PostDetailController.swift in Sources */ = {isa = PBXBuildFile; fileRef = BAB48C221DEB66810039FB96 /* PostDetailController.swift */; };
		BAB48C251DEB669C0039FB96 /* PostDetailLayout.swift in Sources */ = {isa = PBXBuildFile; fileRef = BAB48C241DEB669C0039FB96 /* PostDetailLayout.swift */; };
		BAB48C5E1DEB77C00039FB96 /* PostDetailControllerTests.swift in Sources */ = {isa = PBXBuildFile; fileRef = BAB48C5D1DEB77C00039FB96 /* PostDetailControllerTests.swift */; };
		BAB48C731DEB7EB60039FB96 /* CommentParser.swift in Sources */ = {isa = PBXBuildFile; fileRef = BAB48C6D1DEB7EB60039FB96 /* CommentParser.swift */; };
		BAB48C741DEB7EB60039FB96 /* PostParser.swift in Sources */ = {isa = PBXBuildFile; fileRef = BAB48C6E1DEB7EB60039FB96 /* PostParser.swift */; };
		BAB48C751DEB7EB60039FB96 /* SwiftyJSONCommentParser.swift in Sources */ = {isa = PBXBuildFile; fileRef = BAB48C6F1DEB7EB60039FB96 /* SwiftyJSONCommentParser.swift */; };
		BAB48C761DEB7EB60039FB96 /* SwiftyJSONPostParser.swift in Sources */ = {isa = PBXBuildFile; fileRef = BAB48C701DEB7EB60039FB96 /* SwiftyJSONPostParser.swift */; };
		BAB48C771DEB7EB60039FB96 /* SwiftyJSONUserParser.swift in Sources */ = {isa = PBXBuildFile; fileRef = BAB48C711DEB7EB60039FB96 /* SwiftyJSONUserParser.swift */; };
		BAB48C781DEB7EB60039FB96 /* UserParser.swift in Sources */ = {isa = PBXBuildFile; fileRef = BAB48C721DEB7EB60039FB96 /* UserParser.swift */; };
		BAB48C7D1DEB7F200039FB96 /* SwiftyJSONCommentParserTests.swift in Sources */ = {isa = PBXBuildFile; fileRef = BAB48C7A1DEB7F200039FB96 /* SwiftyJSONCommentParserTests.swift */; };
		BAB48C7E1DEB7F200039FB96 /* SwiftyJSONPostParserTests.swift in Sources */ = {isa = PBXBuildFile; fileRef = BAB48C7B1DEB7F200039FB96 /* SwiftyJSONPostParserTests.swift */; };
		BAB48C7F1DEB7F200039FB96 /* SwiftyJSONUserParserTests.swift in Sources */ = {isa = PBXBuildFile; fileRef = BAB48C7C1DEB7F200039FB96 /* SwiftyJSONUserParserTests.swift */; };
		BAB48CC31DEBFA420039FB96 /* CoreDataStack.swift in Sources */ = {isa = PBXBuildFile; fileRef = BAB48CB51DEBFA420039FB96 /* CoreDataStack.swift */; };
		BAB48CC41DEBFA420039FB96 /* CDAddress+CoreDataClass.swift in Sources */ = {isa = PBXBuildFile; fileRef = BAB48CB71DEBFA420039FB96 /* CDAddress+CoreDataClass.swift */; };
		BAB48CC51DEBFA420039FB96 /* CDAddress+CoreDataProperties.swift in Sources */ = {isa = PBXBuildFile; fileRef = BAB48CB81DEBFA420039FB96 /* CDAddress+CoreDataProperties.swift */; };
		BAB48CC61DEBFA420039FB96 /* CDComment+CoreDataClass.swift in Sources */ = {isa = PBXBuildFile; fileRef = BAB48CB91DEBFA420039FB96 /* CDComment+CoreDataClass.swift */; };
		BAB48CC71DEBFA420039FB96 /* CDComment+CoreDataProperties.swift in Sources */ = {isa = PBXBuildFile; fileRef = BAB48CBA1DEBFA420039FB96 /* CDComment+CoreDataProperties.swift */; };
		BAB48CC81DEBFA420039FB96 /* CDCompany+CoreDataClass.swift in Sources */ = {isa = PBXBuildFile; fileRef = BAB48CBB1DEBFA420039FB96 /* CDCompany+CoreDataClass.swift */; };
		BAB48CC91DEBFA420039FB96 /* CDCompany+CoreDataProperties.swift in Sources */ = {isa = PBXBuildFile; fileRef = BAB48CBC1DEBFA420039FB96 /* CDCompany+CoreDataProperties.swift */; };
		BAB48CCA1DEBFA420039FB96 /* CDGeolocation+CoreDataClass.swift in Sources */ = {isa = PBXBuildFile; fileRef = BAB48CBD1DEBFA420039FB96 /* CDGeolocation+CoreDataClass.swift */; };
		BAB48CCB1DEBFA420039FB96 /* CDGeolocation+CoreDataProperties.swift in Sources */ = {isa = PBXBuildFile; fileRef = BAB48CBE1DEBFA420039FB96 /* CDGeolocation+CoreDataProperties.swift */; };
		BAB48CCC1DEBFA420039FB96 /* CDPost+CoreDataClass.swift in Sources */ = {isa = PBXBuildFile; fileRef = BAB48CBF1DEBFA420039FB96 /* CDPost+CoreDataClass.swift */; };
		BAB48CCD1DEBFA420039FB96 /* CDPost+CoreDataProperties.swift in Sources */ = {isa = PBXBuildFile; fileRef = BAB48CC01DEBFA420039FB96 /* CDPost+CoreDataProperties.swift */; };
		BAB48CCE1DEBFA420039FB96 /* CDUser+CoreDataClass.swift in Sources */ = {isa = PBXBuildFile; fileRef = BAB48CC11DEBFA420039FB96 /* CDUser+CoreDataClass.swift */; };
		BAB48CCF1DEBFA420039FB96 /* CDUser+CoreDataProperties.swift in Sources */ = {isa = PBXBuildFile; fileRef = BAB48CC21DEBFA420039FB96 /* CDUser+CoreDataProperties.swift */; };
		BAB48CD41DEBFB7C0039FB96 /* UserLocalStore.swift in Sources */ = {isa = PBXBuildFile; fileRef = BAB48CD31DEBFB7C0039FB96 /* UserLocalStore.swift */; };
		BAB48CD61DEBFB950039FB96 /* PostLocalStore.swift in Sources */ = {isa = PBXBuildFile; fileRef = BAB48CD51DEBFB950039FB96 /* PostLocalStore.swift */; };
		BAB48CD81DEBFBB10039FB96 /* CommentLocalStore.swift in Sources */ = {isa = PBXBuildFile; fileRef = BAB48CD71DEBFBB10039FB96 /* CommentLocalStore.swift */; };
		BAB48CDB1DEBFC320039FB96 /* CDUserLocalStore.swift in Sources */ = {isa = PBXBuildFile; fileRef = BAB48CDA1DEBFC320039FB96 /* CDUserLocalStore.swift */; };
		BAB48CDD1DEBFC4D0039FB96 /* CDPostLocalStore.swift in Sources */ = {isa = PBXBuildFile; fileRef = BAB48CDC1DEBFC4D0039FB96 /* CDPostLocalStore.swift */; };
		BAB48CDF1DEBFC680039FB96 /* CDCommentLocalStore.swift in Sources */ = {isa = PBXBuildFile; fileRef = BAB48CDE1DEBFC680039FB96 /* CDCommentLocalStore.swift */; };
		BAB48CE41DEC09740039FB96 /* CDCommentLocalStoreTests.swift in Sources */ = {isa = PBXBuildFile; fileRef = BAB48CE31DEC09740039FB96 /* CDCommentLocalStoreTests.swift */; };
		BAB48CF21DEC12E90039FB96 /* StubPostRemoteService.swift in Sources */ = {isa = PBXBuildFile; fileRef = BAB48CED1DEC12E90039FB96 /* StubPostRemoteService.swift */; };
		BAB48CF31DEC12E90039FB96 /* RestCommentRemoteServiceTests.swift in Sources */ = {isa = PBXBuildFile; fileRef = BAB48CEF1DEC12E90039FB96 /* RestCommentRemoteServiceTests.swift */; };
		BAB48CF41DEC12E90039FB96 /* RestPostRemoteServiceTests.swift in Sources */ = {isa = PBXBuildFile; fileRef = BAB48CF01DEC12E90039FB96 /* RestPostRemoteServiceTests.swift */; };
		BAB48CF51DEC12E90039FB96 /* RestUserRemoteServiceTests.swift in Sources */ = {isa = PBXBuildFile; fileRef = BAB48CF11DEC12E90039FB96 /* RestUserRemoteServiceTests.swift */; };
		BAB48CF71DEC132D0039FB96 /* StubCommentRemoteService.swift in Sources */ = {isa = PBXBuildFile; fileRef = BAB48CF61DEC132D0039FB96 /* StubCommentRemoteService.swift */; };
		BAB48CF91DEC133A0039FB96 /* StubUserRemoteService.swift in Sources */ = {isa = PBXBuildFile; fileRef = BAB48CF81DEC133A0039FB96 /* StubUserRemoteService.swift */; };
		BAB48CFC1DEC14620039FB96 /* StubUserLocalStore.swift in Sources */ = {isa = PBXBuildFile; fileRef = BAB48CFB1DEC14620039FB96 /* StubUserLocalStore.swift */; };
		BAB48CFE1DEC14700039FB96 /* StubPostLocalStore.swift in Sources */ = {isa = PBXBuildFile; fileRef = BAB48CFD1DEC14700039FB96 /* StubPostLocalStore.swift */; };
		BAB48D001DEC14820039FB96 /* StubCommentLocalStore.swift in Sources */ = {isa = PBXBuildFile; fileRef = BAB48CFF1DEC14820039FB96 /* StubCommentLocalStore.swift */; };
		BAD726EE1DE3964D00E83F32 /* AppDelegate.swift in Sources */ = {isa = PBXBuildFile; fileRef = BAD726ED1DE3964D00E83F32 /* AppDelegate.swift */; };
		BAD726F31DE3964D00E83F32 /* Main.storyboard in Resources */ = {isa = PBXBuildFile; fileRef = BAD726F11DE3964D00E83F32 /* Main.storyboard */; };
		BAD726F81DE3964D00E83F32 /* Assets.xcassets in Resources */ = {isa = PBXBuildFile; fileRef = BAD726F71DE3964D00E83F32 /* Assets.xcassets */; };
		BAD726FB1DE3964D00E83F32 /* LaunchScreen.storyboard in Resources */ = {isa = PBXBuildFile; fileRef = BAD726F91DE3964D00E83F32 /* LaunchScreen.storyboard */; };
		BAD7272A1DE39A3100E83F32 /* PostListViewController.swift in Sources */ = {isa = PBXBuildFile; fileRef = BAD727291DE39A3100E83F32 /* PostListViewController.swift */; };
		BADA46051DECCE02004FE2C2 /* CDUserLocalStoreTests.swift in Sources */ = {isa = PBXBuildFile; fileRef = BADA46041DECCE02004FE2C2 /* CDUserLocalStoreTests.swift */; };
		BADA460E1DECE30F004FE2C2 /* CommentRemoteService.swift in Sources */ = {isa = PBXBuildFile; fileRef = BADA46071DECE30F004FE2C2 /* CommentRemoteService.swift */; };
		BADA460F1DECE30F004FE2C2 /* PostRemoteService.swift in Sources */ = {isa = PBXBuildFile; fileRef = BADA46081DECE30F004FE2C2 /* PostRemoteService.swift */; };
		BADA46101DECE30F004FE2C2 /* UserRemoteService.swift in Sources */ = {isa = PBXBuildFile; fileRef = BADA46091DECE30F004FE2C2 /* UserRemoteService.swift */; };
		BADA46111DECE30F004FE2C2 /* RestCommentRemoteService.swift in Sources */ = {isa = PBXBuildFile; fileRef = BADA460B1DECE30F004FE2C2 /* RestCommentRemoteService.swift */; };
		BADA46121DECE30F004FE2C2 /* RestPostRemoteService.swift in Sources */ = {isa = PBXBuildFile; fileRef = BADA460C1DECE30F004FE2C2 /* RestPostRemoteService.swift */; };
		BADA46131DECE30F004FE2C2 /* RestUserRemoteService.swift in Sources */ = {isa = PBXBuildFile; fileRef = BADA460D1DECE30F004FE2C2 /* RestUserRemoteService.swift */; };
		BADA461B1DECE3C7004FE2C2 /* RestAddress.swift in Sources */ = {isa = PBXBuildFile; fileRef = BADA46151DECE3C7004FE2C2 /* RestAddress.swift */; };
		BADA461C1DECE3C7004FE2C2 /* RestComment.swift in Sources */ = {isa = PBXBuildFile; fileRef = BADA46161DECE3C7004FE2C2 /* RestComment.swift */; };
		BADA461D1DECE3C7004FE2C2 /* RestCompany.swift in Sources */ = {isa = PBXBuildFile; fileRef = BADA46171DECE3C7004FE2C2 /* RestCompany.swift */; };
		BADA461E1DECE3C7004FE2C2 /* RestGeolocation.swift in Sources */ = {isa = PBXBuildFile; fileRef = BADA46181DECE3C7004FE2C2 /* RestGeolocation.swift */; };
		BADA461F1DECE3C7004FE2C2 /* RestPost.swift in Sources */ = {isa = PBXBuildFile; fileRef = BADA46191DECE3C7004FE2C2 /* RestPost.swift */; };
		BADA46201DECE3C7004FE2C2 /* RestUser.swift in Sources */ = {isa = PBXBuildFile; fileRef = BADA461A1DECE3C7004FE2C2 /* RestUser.swift */; };
		BADA46221DECE409004FE2C2 /* Geolocation.swift in Sources */ = {isa = PBXBuildFile; fileRef = BADA46211DECE409004FE2C2 /* Geolocation.swift */; };
		BADA46241DECE43D004FE2C2 /* Company.swift in Sources */ = {isa = PBXBuildFile; fileRef = BADA46231DECE43D004FE2C2 /* Company.swift */; };
		BADA46261DECE47F004FE2C2 /* Address.swift in Sources */ = {isa = PBXBuildFile; fileRef = BADA46251DECE47F004FE2C2 /* Address.swift */; };
		BADA46281DECE4AC004FE2C2 /* User.swift in Sources */ = {isa = PBXBuildFile; fileRef = BADA46271DECE4AC004FE2C2 /* User.swift */; };
		BADA462A1DECE4DE004FE2C2 /* Post.swift in Sources */ = {isa = PBXBuildFile; fileRef = BADA46291DECE4DE004FE2C2 /* Post.swift */; };
		BADA462C1DECE51A004FE2C2 /* Comment.swift in Sources */ = {isa = PBXBuildFile; fileRef = BADA462B1DECE51A004FE2C2 /* Comment.swift */; };
		BADA462E1DECFC25004FE2C2 /* CDPostLocalStoreTests.swift in Sources */ = {isa = PBXBuildFile; fileRef = BADA462D1DECFC25004FE2C2 /* CDPostLocalStoreTests.swift */; };
		BADA46351DEDABCE004FE2C2 /* UserPostLinker.swift in Sources */ = {isa = PBXBuildFile; fileRef = BADA46331DEDABCE004FE2C2 /* UserPostLinker.swift */; };
		BADA46381DEDAC16004FE2C2 /* RestUserPostLinkerTests.swift in Sources */ = {isa = PBXBuildFile; fileRef = BADA46371DEDAC16004FE2C2 /* RestUserPostLinkerTests.swift */; };
		BADA463A1DEDAC4C004FE2C2 /* RestUserPostLinker.swift in Sources */ = {isa = PBXBuildFile; fileRef = BADA46391DEDAC4C004FE2C2 /* RestUserPostLinker.swift */; };
		BADA463C1DEDC1A0004FE2C2 /* PostCommentLinker.swift in Sources */ = {isa = PBXBuildFile; fileRef = BADA463B1DEDC1A0004FE2C2 /* PostCommentLinker.swift */; };
		BADA463E1DEDC202004FE2C2 /* RestPostCommentLinker.swift in Sources */ = {isa = PBXBuildFile; fileRef = BADA463D1DEDC202004FE2C2 /* RestPostCommentLinker.swift */; };
		BADA46401DEDC21D004FE2C2 /* RestPostCommentLinkerTests.swift in Sources */ = {isa = PBXBuildFile; fileRef = BADA463F1DEDC21D004FE2C2 /* RestPostCommentLinkerTests.swift */; };
		BADA46651DEDCF73004FE2C2 /* UserSyncing.swift in Sources */ = {isa = PBXBuildFile; fileRef = BADA46641DEDCF73004FE2C2 /* UserSyncing.swift */; };
		BADA46671DEDCF89004FE2C2 /* RestToCDUserSync.swift in Sources */ = {isa = PBXBuildFile; fileRef = BADA46661DEDCF89004FE2C2 /* RestToCDUserSync.swift */; };
		BADA46731DEDD1A4004FE2C2 /* RestToCDUserSyncTests.swift in Sources */ = {isa = PBXBuildFile; fileRef = BADA46721DEDD1A4004FE2C2 /* RestToCDUserSyncTests.swift */; };
		BAE2A8A11DF425D700CD30A8 /* LocalStores.swift in Sources */ = {isa = PBXBuildFile; fileRef = BAE2A8A01DF425D700CD30A8 /* LocalStores.swift */; };
		BAE2A8A41DF4267600CD30A8 /* PostDetailViewModelFactory.swift in Sources */ = {isa = PBXBuildFile; fileRef = BAE2A8A31DF4267600CD30A8 /* PostDetailViewModelFactory.swift */; };
		BAE2A8A71DF426A100CD30A8 /* CDPostDetailViewModelFactory.swift in Sources */ = {isa = PBXBuildFile; fileRef = BAE2A8A61DF426A100CD30A8 /* CDPostDetailViewModelFactory.swift */; };
		BAE2A8A91DF4276F00CD30A8 /* PostDetailViewModel.swift in Sources */ = {isa = PBXBuildFile; fileRef = BAE2A8A81DF4276F00CD30A8 /* PostDetailViewModel.swift */; };
		BAE2A8AB1DF427C700CD30A8 /* CDPostDetailViewModelFactory.swift in Sources */ = {isa = PBXBuildFile; fileRef = BAE2A8AA1DF427C700CD30A8 /* CDPostDetailViewModelFactory.swift */; };
		BAE2A8AE1DF430FF00CD30A8 /* RestUserFactory.swift in Sources */ = {isa = PBXBuildFile; fileRef = BAE2A8AD1DF430FF00CD30A8 /* RestUserFactory.swift */; };
		BAE2A8B01DF4327600CD30A8 /* RestPostFactory.swift in Sources */ = {isa = PBXBuildFile; fileRef = BAE2A8AF1DF4327600CD30A8 /* RestPostFactory.swift */; };
		BAE2A8B21DF4337B00CD30A8 /* RestCommentFactory.swift in Sources */ = {isa = PBXBuildFile; fileRef = BAE2A8B11DF4337B00CD30A8 /* RestCommentFactory.swift */; };
		BAFE072B1DEDDCB1008509C0 /* PostSyncing.swift in Sources */ = {isa = PBXBuildFile; fileRef = BAFE072A1DEDDCB1008509C0 /* PostSyncing.swift */; };
		BAFE072D1DEDDD7C008509C0 /* RestToCDPostSync.swift in Sources */ = {isa = PBXBuildFile; fileRef = BAFE072C1DEDDD7C008509C0 /* RestToCDPostSync.swift */; };
		BAFE072F1DEDDEE5008509C0 /* RestToCDPostSyncTests.swift in Sources */ = {isa = PBXBuildFile; fileRef = BAFE072E1DEDDEE5008509C0 /* RestToCDPostSyncTests.swift */; };
/* End PBXBuildFile section */

/* Begin PBXContainerItemProxy section */
		BAD727021DE3964D00E83F32 /* PBXContainerItemProxy */ = {
			isa = PBXContainerItemProxy;
			containerPortal = BAD726E21DE3964D00E83F32 /* Project object */;
			proxyType = 1;
			remoteGlobalIDString = BAD726E91DE3964D00E83F32;
			remoteInfo = BabylonHealthDemo;
		};
/* End PBXContainerItemProxy section */

/* Begin PBXFileReference section */
		A17661B548CA02D8EA9EE576 /* Pods-BabylonHealthDemo.debug.xcconfig */ = {isa = PBXFileReference; includeInIndex = 1; lastKnownFileType = text.xcconfig; name = "Pods-BabylonHealthDemo.debug.xcconfig"; path = "Pods/Target Support Files/Pods-BabylonHealthDemo/Pods-BabylonHealthDemo.debug.xcconfig"; sourceTree = "<group>"; };
		A8C84CDE1B08468823A36D08 /* Pods-BabylonHealthDemo.release.xcconfig */ = {isa = PBXFileReference; includeInIndex = 1; lastKnownFileType = text.xcconfig; name = "Pods-BabylonHealthDemo.release.xcconfig"; path = "Pods/Target Support Files/Pods-BabylonHealthDemo/Pods-BabylonHealthDemo.release.xcconfig"; sourceTree = "<group>"; };
		BA3954E81DEE19F600FC1720 /* CommentSyncing.swift */ = {isa = PBXFileReference; fileEncoding = 4; lastKnownFileType = sourcecode.swift; path = CommentSyncing.swift; sourceTree = "<group>"; };
		BA3954EA1DEE1A5300FC1720 /* RestToCDCommentSync.swift */ = {isa = PBXFileReference; fileEncoding = 4; lastKnownFileType = sourcecode.swift; path = RestToCDCommentSync.swift; sourceTree = "<group>"; };
		BA3954EC1DEE1C1600FC1720 /* RestToCDCommentSyncTests.swift */ = {isa = PBXFileReference; fileEncoding = 4; lastKnownFileType = sourcecode.swift; path = RestToCDCommentSyncTests.swift; sourceTree = "<group>"; };
		BA3954EE1DEE2D2400FC1720 /* SyncEngine.swift */ = {isa = PBXFileReference; fileEncoding = 4; lastKnownFileType = sourcecode.swift; path = SyncEngine.swift; sourceTree = "<group>"; };
		BA3954F01DEE2D7200FC1720 /* RestToCoreDataSync.swift */ = {isa = PBXFileReference; fileEncoding = 4; lastKnownFileType = sourcecode.swift; path = RestToCoreDataSync.swift; sourceTree = "<group>"; };
		BA3954F41DEE2DD100FC1720 /* RestToCoreDataSyncTests.swift */ = {isa = PBXFileReference; fileEncoding = 4; lastKnownFileType = sourcecode.swift; path = RestToCoreDataSyncTests.swift; sourceTree = "<group>"; };
		BA3B815E1DEAD4C900B41A49 /* BabylonHealthDemo.xcdatamodel */ = {isa = PBXFileReference; lastKnownFileType = wrapper.xcdatamodel; path = BabylonHealthDemo.xcdatamodel; sourceTree = "<group>"; };
		BA3B81601DEADE2500B41A49 /* PostListCell.swift */ = {isa = PBXFileReference; fileEncoding = 4; lastKnownFileType = sourcecode.swift; path = PostListCell.swift; sourceTree = "<group>"; };
		BA3B81651DEAEB5F00B41A49 /* PostListLayout.swift */ = {isa = PBXFileReference; fileEncoding = 4; lastKnownFileType = sourcecode.swift; path = PostListLayout.swift; sourceTree = "<group>"; };
		BA3B81681DEAEBB500B41A49 /* PostListHandler.swift */ = {isa = PBXFileReference; fileEncoding = 4; lastKnownFileType = sourcecode.swift; path = PostListHandler.swift; sourceTree = "<group>"; };
		BA3B816B1DEAEED700B41A49 /* Networking.swift */ = {isa = PBXFileReference; fileEncoding = 4; lastKnownFileType = sourcecode.swift; path = Networking.swift; sourceTree = "<group>"; };
		BA3B816F1DEAF1E500B41A49 /* NetworkManager.swift */ = {isa = PBXFileReference; fileEncoding = 4; lastKnownFileType = sourcecode.swift; path = NetworkManager.swift; sourceTree = "<group>"; };
		BA3B81711DEAF30100B41A49 /* StubNetworkManager.swift */ = {isa = PBXFileReference; fileEncoding = 4; lastKnownFileType = sourcecode.swift; path = StubNetworkManager.swift; sourceTree = "<group>"; };
		BA3B81751DEAF49300B41A49 /* PostListControllerTests.swift */ = {isa = PBXFileReference; fileEncoding = 4; lastKnownFileType = sourcecode.swift; path = PostListControllerTests.swift; sourceTree = "<group>"; };
		BA3B81781DEAF56000B41A49 /* FakePostListView.swift */ = {isa = PBXFileReference; fileEncoding = 4; lastKnownFileType = sourcecode.swift; path = FakePostListView.swift; sourceTree = "<group>"; };
		BA3B817A1DEAF5B900B41A49 /* PostListController.swift */ = {isa = PBXFileReference; fileEncoding = 4; lastKnownFileType = sourcecode.swift; path = PostListController.swift; sourceTree = "<group>"; };
		BA3B817C1DEAFA3100B41A49 /* PostListLoadingView.swift */ = {isa = PBXFileReference; fileEncoding = 4; lastKnownFileType = sourcecode.swift; path = PostListLoadingView.swift; sourceTree = "<group>"; };
		BA96A17E1DF3690A0082B66E /* StubSyncEngine.swift */ = {isa = PBXFileReference; fileEncoding = 4; lastKnownFileType = sourcecode.swift; path = StubSyncEngine.swift; sourceTree = "<group>"; };
		BA96A1811DF36A5C0082B66E /* StubUserSync.swift */ = {isa = PBXFileReference; fileEncoding = 4; lastKnownFileType = sourcecode.swift; path = StubUserSync.swift; sourceTree = "<group>"; };
		BA96A1831DF36A650082B66E /* StubPostSync.swift */ = {isa = PBXFileReference; fileEncoding = 4; lastKnownFileType = sourcecode.swift; path = StubPostSync.swift; sourceTree = "<group>"; };
		BA96A1851DF36A6D0082B66E /* StubCommentSync.swift */ = {isa = PBXFileReference; fileEncoding = 4; lastKnownFileType = sourcecode.swift; path = StubCommentSync.swift; sourceTree = "<group>"; };
		BAB48C1A1DEB5CF70039FB96 /* PostDetailViewController.swift */ = {isa = PBXFileReference; fileEncoding = 4; lastKnownFileType = sourcecode.swift; path = PostDetailViewController.swift; sourceTree = "<group>"; };
		BAB48C201DEB66710039FB96 /* PostDetailHandler.swift */ = {isa = PBXFileReference; fileEncoding = 4; lastKnownFileType = sourcecode.swift; path = PostDetailHandler.swift; sourceTree = "<group>"; };
		BAB48C221DEB66810039FB96 /* PostDetailController.swift */ = {isa = PBXFileReference; fileEncoding = 4; lastKnownFileType = sourcecode.swift; path = PostDetailController.swift; sourceTree = "<group>"; };
		BAB48C241DEB669C0039FB96 /* PostDetailLayout.swift */ = {isa = PBXFileReference; fileEncoding = 4; lastKnownFileType = sourcecode.swift; path = PostDetailLayout.swift; sourceTree = "<group>"; };
		BAB48C5D1DEB77C00039FB96 /* PostDetailControllerTests.swift */ = {isa = PBXFileReference; fileEncoding = 4; lastKnownFileType = sourcecode.swift; path = PostDetailControllerTests.swift; sourceTree = "<group>"; };
		BAB48C6D1DEB7EB60039FB96 /* CommentParser.swift */ = {isa = PBXFileReference; fileEncoding = 4; lastKnownFileType = sourcecode.swift; path = CommentParser.swift; sourceTree = "<group>"; };
		BAB48C6E1DEB7EB60039FB96 /* PostParser.swift */ = {isa = PBXFileReference; fileEncoding = 4; lastKnownFileType = sourcecode.swift; path = PostParser.swift; sourceTree = "<group>"; };
		BAB48C6F1DEB7EB60039FB96 /* SwiftyJSONCommentParser.swift */ = {isa = PBXFileReference; fileEncoding = 4; lastKnownFileType = sourcecode.swift; path = SwiftyJSONCommentParser.swift; sourceTree = "<group>"; };
		BAB48C701DEB7EB60039FB96 /* SwiftyJSONPostParser.swift */ = {isa = PBXFileReference; fileEncoding = 4; lastKnownFileType = sourcecode.swift; path = SwiftyJSONPostParser.swift; sourceTree = "<group>"; };
		BAB48C711DEB7EB60039FB96 /* SwiftyJSONUserParser.swift */ = {isa = PBXFileReference; fileEncoding = 4; lastKnownFileType = sourcecode.swift; path = SwiftyJSONUserParser.swift; sourceTree = "<group>"; };
		BAB48C721DEB7EB60039FB96 /* UserParser.swift */ = {isa = PBXFileReference; fileEncoding = 4; lastKnownFileType = sourcecode.swift; path = UserParser.swift; sourceTree = "<group>"; };
		BAB48C7A1DEB7F200039FB96 /* SwiftyJSONCommentParserTests.swift */ = {isa = PBXFileReference; fileEncoding = 4; lastKnownFileType = sourcecode.swift; path = SwiftyJSONCommentParserTests.swift; sourceTree = "<group>"; };
		BAB48C7B1DEB7F200039FB96 /* SwiftyJSONPostParserTests.swift */ = {isa = PBXFileReference; fileEncoding = 4; lastKnownFileType = sourcecode.swift; path = SwiftyJSONPostParserTests.swift; sourceTree = "<group>"; };
		BAB48C7C1DEB7F200039FB96 /* SwiftyJSONUserParserTests.swift */ = {isa = PBXFileReference; fileEncoding = 4; lastKnownFileType = sourcecode.swift; path = SwiftyJSONUserParserTests.swift; sourceTree = "<group>"; };
		BAB48CB51DEBFA420039FB96 /* CoreDataStack.swift */ = {isa = PBXFileReference; fileEncoding = 4; lastKnownFileType = sourcecode.swift; path = CoreDataStack.swift; sourceTree = "<group>"; };
		BAB48CB71DEBFA420039FB96 /* CDAddress+CoreDataClass.swift */ = {isa = PBXFileReference; fileEncoding = 4; lastKnownFileType = sourcecode.swift; path = "CDAddress+CoreDataClass.swift"; sourceTree = "<group>"; };
		BAB48CB81DEBFA420039FB96 /* CDAddress+CoreDataProperties.swift */ = {isa = PBXFileReference; fileEncoding = 4; lastKnownFileType = sourcecode.swift; path = "CDAddress+CoreDataProperties.swift"; sourceTree = "<group>"; };
		BAB48CB91DEBFA420039FB96 /* CDComment+CoreDataClass.swift */ = {isa = PBXFileReference; fileEncoding = 4; lastKnownFileType = sourcecode.swift; path = "CDComment+CoreDataClass.swift"; sourceTree = "<group>"; };
		BAB48CBA1DEBFA420039FB96 /* CDComment+CoreDataProperties.swift */ = {isa = PBXFileReference; fileEncoding = 4; lastKnownFileType = sourcecode.swift; path = "CDComment+CoreDataProperties.swift"; sourceTree = "<group>"; };
		BAB48CBB1DEBFA420039FB96 /* CDCompany+CoreDataClass.swift */ = {isa = PBXFileReference; fileEncoding = 4; lastKnownFileType = sourcecode.swift; path = "CDCompany+CoreDataClass.swift"; sourceTree = "<group>"; };
		BAB48CBC1DEBFA420039FB96 /* CDCompany+CoreDataProperties.swift */ = {isa = PBXFileReference; fileEncoding = 4; lastKnownFileType = sourcecode.swift; path = "CDCompany+CoreDataProperties.swift"; sourceTree = "<group>"; };
		BAB48CBD1DEBFA420039FB96 /* CDGeolocation+CoreDataClass.swift */ = {isa = PBXFileReference; fileEncoding = 4; lastKnownFileType = sourcecode.swift; path = "CDGeolocation+CoreDataClass.swift"; sourceTree = "<group>"; };
		BAB48CBE1DEBFA420039FB96 /* CDGeolocation+CoreDataProperties.swift */ = {isa = PBXFileReference; fileEncoding = 4; lastKnownFileType = sourcecode.swift; path = "CDGeolocation+CoreDataProperties.swift"; sourceTree = "<group>"; };
		BAB48CBF1DEBFA420039FB96 /* CDPost+CoreDataClass.swift */ = {isa = PBXFileReference; fileEncoding = 4; lastKnownFileType = sourcecode.swift; path = "CDPost+CoreDataClass.swift"; sourceTree = "<group>"; };
		BAB48CC01DEBFA420039FB96 /* CDPost+CoreDataProperties.swift */ = {isa = PBXFileReference; fileEncoding = 4; lastKnownFileType = sourcecode.swift; path = "CDPost+CoreDataProperties.swift"; sourceTree = "<group>"; };
		BAB48CC11DEBFA420039FB96 /* CDUser+CoreDataClass.swift */ = {isa = PBXFileReference; fileEncoding = 4; lastKnownFileType = sourcecode.swift; path = "CDUser+CoreDataClass.swift"; sourceTree = "<group>"; };
		BAB48CC21DEBFA420039FB96 /* CDUser+CoreDataProperties.swift */ = {isa = PBXFileReference; fileEncoding = 4; lastKnownFileType = sourcecode.swift; path = "CDUser+CoreDataProperties.swift"; sourceTree = "<group>"; };
		BAB48CD31DEBFB7C0039FB96 /* UserLocalStore.swift */ = {isa = PBXFileReference; fileEncoding = 4; lastKnownFileType = sourcecode.swift; path = UserLocalStore.swift; sourceTree = "<group>"; };
		BAB48CD51DEBFB950039FB96 /* PostLocalStore.swift */ = {isa = PBXFileReference; fileEncoding = 4; lastKnownFileType = sourcecode.swift; path = PostLocalStore.swift; sourceTree = "<group>"; };
		BAB48CD71DEBFBB10039FB96 /* CommentLocalStore.swift */ = {isa = PBXFileReference; fileEncoding = 4; lastKnownFileType = sourcecode.swift; path = CommentLocalStore.swift; sourceTree = "<group>"; };
		BAB48CDA1DEBFC320039FB96 /* CDUserLocalStore.swift */ = {isa = PBXFileReference; fileEncoding = 4; lastKnownFileType = sourcecode.swift; path = CDUserLocalStore.swift; sourceTree = "<group>"; };
		BAB48CDC1DEBFC4D0039FB96 /* CDPostLocalStore.swift */ = {isa = PBXFileReference; fileEncoding = 4; lastKnownFileType = sourcecode.swift; path = CDPostLocalStore.swift; sourceTree = "<group>"; };
		BAB48CDE1DEBFC680039FB96 /* CDCommentLocalStore.swift */ = {isa = PBXFileReference; fileEncoding = 4; lastKnownFileType = sourcecode.swift; path = CDCommentLocalStore.swift; sourceTree = "<group>"; };
		BAB48CE31DEC09740039FB96 /* CDCommentLocalStoreTests.swift */ = {isa = PBXFileReference; fileEncoding = 4; lastKnownFileType = sourcecode.swift; path = CDCommentLocalStoreTests.swift; sourceTree = "<group>"; };
		BAB48CED1DEC12E90039FB96 /* StubPostRemoteService.swift */ = {isa = PBXFileReference; fileEncoding = 4; lastKnownFileType = sourcecode.swift; path = StubPostRemoteService.swift; sourceTree = "<group>"; };
		BAB48CEF1DEC12E90039FB96 /* RestCommentRemoteServiceTests.swift */ = {isa = PBXFileReference; fileEncoding = 4; lastKnownFileType = sourcecode.swift; path = RestCommentRemoteServiceTests.swift; sourceTree = "<group>"; };
		BAB48CF01DEC12E90039FB96 /* RestPostRemoteServiceTests.swift */ = {isa = PBXFileReference; fileEncoding = 4; lastKnownFileType = sourcecode.swift; path = RestPostRemoteServiceTests.swift; sourceTree = "<group>"; };
		BAB48CF11DEC12E90039FB96 /* RestUserRemoteServiceTests.swift */ = {isa = PBXFileReference; fileEncoding = 4; lastKnownFileType = sourcecode.swift; path = RestUserRemoteServiceTests.swift; sourceTree = "<group>"; };
		BAB48CF61DEC132D0039FB96 /* StubCommentRemoteService.swift */ = {isa = PBXFileReference; fileEncoding = 4; lastKnownFileType = sourcecode.swift; path = StubCommentRemoteService.swift; sourceTree = "<group>"; };
		BAB48CF81DEC133A0039FB96 /* StubUserRemoteService.swift */ = {isa = PBXFileReference; fileEncoding = 4; lastKnownFileType = sourcecode.swift; path = StubUserRemoteService.swift; sourceTree = "<group>"; };
		BAB48CFB1DEC14620039FB96 /* StubUserLocalStore.swift */ = {isa = PBXFileReference; fileEncoding = 4; lastKnownFileType = sourcecode.swift; path = StubUserLocalStore.swift; sourceTree = "<group>"; };
		BAB48CFD1DEC14700039FB96 /* StubPostLocalStore.swift */ = {isa = PBXFileReference; fileEncoding = 4; lastKnownFileType = sourcecode.swift; path = StubPostLocalStore.swift; sourceTree = "<group>"; };
		BAB48CFF1DEC14820039FB96 /* StubCommentLocalStore.swift */ = {isa = PBXFileReference; fileEncoding = 4; lastKnownFileType = sourcecode.swift; path = StubCommentLocalStore.swift; sourceTree = "<group>"; };
		BAD726EA1DE3964D00E83F32 /* BabylonHealthDemo.app */ = {isa = PBXFileReference; explicitFileType = wrapper.application; includeInIndex = 0; path = BabylonHealthDemo.app; sourceTree = BUILT_PRODUCTS_DIR; };
		BAD726ED1DE3964D00E83F32 /* AppDelegate.swift */ = {isa = PBXFileReference; lastKnownFileType = sourcecode.swift; path = AppDelegate.swift; sourceTree = "<group>"; };
		BAD726F21DE3964D00E83F32 /* Base */ = {isa = PBXFileReference; lastKnownFileType = file.storyboard; name = Base; path = Base.lproj/Main.storyboard; sourceTree = "<group>"; };
		BAD726F71DE3964D00E83F32 /* Assets.xcassets */ = {isa = PBXFileReference; lastKnownFileType = folder.assetcatalog; name = Assets.xcassets; path = ../Assets.xcassets; sourceTree = "<group>"; };
		BAD726FA1DE3964D00E83F32 /* Base */ = {isa = PBXFileReference; lastKnownFileType = file.storyboard; name = Base; path = Base.lproj/LaunchScreen.storyboard; sourceTree = "<group>"; };
		BAD727011DE3964D00E83F32 /* BabylonHealthDemoTests.xctest */ = {isa = PBXFileReference; explicitFileType = wrapper.cfbundle; includeInIndex = 0; path = BabylonHealthDemoTests.xctest; sourceTree = BUILT_PRODUCTS_DIR; };
		BAD727071DE3964E00E83F32 /* Info.plist */ = {isa = PBXFileReference; lastKnownFileType = text.plist.xml; path = Info.plist; sourceTree = "<group>"; };
		BAD727211DE3992000E83F32 /* Info.plist */ = {isa = PBXFileReference; fileEncoding = 4; lastKnownFileType = text.plist.xml; path = Info.plist; sourceTree = "<group>"; };
		BAD727291DE39A3100E83F32 /* PostListViewController.swift */ = {isa = PBXFileReference; fileEncoding = 4; lastKnownFileType = sourcecode.swift; path = PostListViewController.swift; sourceTree = "<group>"; };
		BADA46041DECCE02004FE2C2 /* CDUserLocalStoreTests.swift */ = {isa = PBXFileReference; fileEncoding = 4; lastKnownFileType = sourcecode.swift; path = CDUserLocalStoreTests.swift; sourceTree = "<group>"; };
		BADA46071DECE30F004FE2C2 /* CommentRemoteService.swift */ = {isa = PBXFileReference; fileEncoding = 4; lastKnownFileType = sourcecode.swift; path = CommentRemoteService.swift; sourceTree = "<group>"; };
		BADA46081DECE30F004FE2C2 /* PostRemoteService.swift */ = {isa = PBXFileReference; fileEncoding = 4; lastKnownFileType = sourcecode.swift; path = PostRemoteService.swift; sourceTree = "<group>"; };
		BADA46091DECE30F004FE2C2 /* UserRemoteService.swift */ = {isa = PBXFileReference; fileEncoding = 4; lastKnownFileType = sourcecode.swift; path = UserRemoteService.swift; sourceTree = "<group>"; };
		BADA460B1DECE30F004FE2C2 /* RestCommentRemoteService.swift */ = {isa = PBXFileReference; fileEncoding = 4; lastKnownFileType = sourcecode.swift; path = RestCommentRemoteService.swift; sourceTree = "<group>"; };
		BADA460C1DECE30F004FE2C2 /* RestPostRemoteService.swift */ = {isa = PBXFileReference; fileEncoding = 4; lastKnownFileType = sourcecode.swift; path = RestPostRemoteService.swift; sourceTree = "<group>"; };
		BADA460D1DECE30F004FE2C2 /* RestUserRemoteService.swift */ = {isa = PBXFileReference; fileEncoding = 4; lastKnownFileType = sourcecode.swift; path = RestUserRemoteService.swift; sourceTree = "<group>"; };
		BADA46151DECE3C7004FE2C2 /* RestAddress.swift */ = {isa = PBXFileReference; fileEncoding = 4; lastKnownFileType = sourcecode.swift; path = RestAddress.swift; sourceTree = "<group>"; };
		BADA46161DECE3C7004FE2C2 /* RestComment.swift */ = {isa = PBXFileReference; fileEncoding = 4; lastKnownFileType = sourcecode.swift; path = RestComment.swift; sourceTree = "<group>"; };
		BADA46171DECE3C7004FE2C2 /* RestCompany.swift */ = {isa = PBXFileReference; fileEncoding = 4; lastKnownFileType = sourcecode.swift; path = RestCompany.swift; sourceTree = "<group>"; };
		BADA46181DECE3C7004FE2C2 /* RestGeolocation.swift */ = {isa = PBXFileReference; fileEncoding = 4; lastKnownFileType = sourcecode.swift; path = RestGeolocation.swift; sourceTree = "<group>"; };
		BADA46191DECE3C7004FE2C2 /* RestPost.swift */ = {isa = PBXFileReference; fileEncoding = 4; lastKnownFileType = sourcecode.swift; path = RestPost.swift; sourceTree = "<group>"; };
		BADA461A1DECE3C7004FE2C2 /* RestUser.swift */ = {isa = PBXFileReference; fileEncoding = 4; lastKnownFileType = sourcecode.swift; path = RestUser.swift; sourceTree = "<group>"; };
		BADA46211DECE409004FE2C2 /* Geolocation.swift */ = {isa = PBXFileReference; fileEncoding = 4; lastKnownFileType = sourcecode.swift; path = Geolocation.swift; sourceTree = "<group>"; };
		BADA46231DECE43D004FE2C2 /* Company.swift */ = {isa = PBXFileReference; fileEncoding = 4; lastKnownFileType = sourcecode.swift; path = Company.swift; sourceTree = "<group>"; };
		BADA46251DECE47F004FE2C2 /* Address.swift */ = {isa = PBXFileReference; fileEncoding = 4; lastKnownFileType = sourcecode.swift; path = Address.swift; sourceTree = "<group>"; };
		BADA46271DECE4AC004FE2C2 /* User.swift */ = {isa = PBXFileReference; fileEncoding = 4; lastKnownFileType = sourcecode.swift; path = User.swift; sourceTree = "<group>"; };
		BADA46291DECE4DE004FE2C2 /* Post.swift */ = {isa = PBXFileReference; fileEncoding = 4; lastKnownFileType = sourcecode.swift; path = Post.swift; sourceTree = "<group>"; };
		BADA462B1DECE51A004FE2C2 /* Comment.swift */ = {isa = PBXFileReference; fileEncoding = 4; lastKnownFileType = sourcecode.swift; path = Comment.swift; sourceTree = "<group>"; };
		BADA462D1DECFC25004FE2C2 /* CDPostLocalStoreTests.swift */ = {isa = PBXFileReference; fileEncoding = 4; lastKnownFileType = sourcecode.swift; path = CDPostLocalStoreTests.swift; sourceTree = "<group>"; };
		BADA46331DEDABCE004FE2C2 /* UserPostLinker.swift */ = {isa = PBXFileReference; fileEncoding = 4; lastKnownFileType = sourcecode.swift; path = UserPostLinker.swift; sourceTree = "<group>"; };
		BADA46371DEDAC16004FE2C2 /* RestUserPostLinkerTests.swift */ = {isa = PBXFileReference; fileEncoding = 4; lastKnownFileType = sourcecode.swift; path = RestUserPostLinkerTests.swift; sourceTree = "<group>"; };
		BADA46391DEDAC4C004FE2C2 /* RestUserPostLinker.swift */ = {isa = PBXFileReference; fileEncoding = 4; lastKnownFileType = sourcecode.swift; path = RestUserPostLinker.swift; sourceTree = "<group>"; };
		BADA463B1DEDC1A0004FE2C2 /* PostCommentLinker.swift */ = {isa = PBXFileReference; fileEncoding = 4; lastKnownFileType = sourcecode.swift; path = PostCommentLinker.swift; sourceTree = "<group>"; };
		BADA463D1DEDC202004FE2C2 /* RestPostCommentLinker.swift */ = {isa = PBXFileReference; fileEncoding = 4; lastKnownFileType = sourcecode.swift; path = RestPostCommentLinker.swift; sourceTree = "<group>"; };
		BADA463F1DEDC21D004FE2C2 /* RestPostCommentLinkerTests.swift */ = {isa = PBXFileReference; fileEncoding = 4; lastKnownFileType = sourcecode.swift; path = RestPostCommentLinkerTests.swift; sourceTree = "<group>"; };
		BADA46641DEDCF73004FE2C2 /* UserSyncing.swift */ = {isa = PBXFileReference; fileEncoding = 4; lastKnownFileType = sourcecode.swift; path = UserSyncing.swift; sourceTree = "<group>"; };
		BADA46661DEDCF89004FE2C2 /* RestToCDUserSync.swift */ = {isa = PBXFileReference; fileEncoding = 4; lastKnownFileType = sourcecode.swift; path = RestToCDUserSync.swift; sourceTree = "<group>"; };
		BADA46721DEDD1A4004FE2C2 /* RestToCDUserSyncTests.swift */ = {isa = PBXFileReference; fileEncoding = 4; lastKnownFileType = sourcecode.swift; path = RestToCDUserSyncTests.swift; sourceTree = "<group>"; };
		BAE2A8A01DF425D700CD30A8 /* LocalStores.swift */ = {isa = PBXFileReference; fileEncoding = 4; lastKnownFileType = sourcecode.swift; path = LocalStores.swift; sourceTree = "<group>"; };
		BAE2A8A31DF4267600CD30A8 /* PostDetailViewModelFactory.swift */ = {isa = PBXFileReference; fileEncoding = 4; lastKnownFileType = sourcecode.swift; path = PostDetailViewModelFactory.swift; sourceTree = "<group>"; };
		BAE2A8A61DF426A100CD30A8 /* CDPostDetailViewModelFactory.swift */ = {isa = PBXFileReference; fileEncoding = 4; lastKnownFileType = sourcecode.swift; path = CDPostDetailViewModelFactory.swift; sourceTree = "<group>"; };
		BAE2A8A81DF4276F00CD30A8 /* PostDetailViewModel.swift */ = {isa = PBXFileReference; fileEncoding = 4; lastKnownFileType = sourcecode.swift; path = PostDetailViewModel.swift; sourceTree = "<group>"; };
		BAE2A8AA1DF427C700CD30A8 /* CDPostDetailViewModelFactory.swift */ = {isa = PBXFileReference; fileEncoding = 4; lastKnownFileType = sourcecode.swift; path = CDPostDetailViewModelFactory.swift; sourceTree = "<group>"; };
		BAE2A8AD1DF430FF00CD30A8 /* RestUserFactory.swift */ = {isa = PBXFileReference; fileEncoding = 4; lastKnownFileType = sourcecode.swift; path = RestUserFactory.swift; sourceTree = "<group>"; };
		BAE2A8AF1DF4327600CD30A8 /* RestPostFactory.swift */ = {isa = PBXFileReference; fileEncoding = 4; lastKnownFileType = sourcecode.swift; path = RestPostFactory.swift; sourceTree = "<group>"; };
		BAE2A8B11DF4337B00CD30A8 /* RestCommentFactory.swift */ = {isa = PBXFileReference; fileEncoding = 4; lastKnownFileType = sourcecode.swift; path = RestCommentFactory.swift; sourceTree = "<group>"; };
		BAFE072A1DEDDCB1008509C0 /* PostSyncing.swift */ = {isa = PBXFileReference; fileEncoding = 4; lastKnownFileType = sourcecode.swift; path = PostSyncing.swift; sourceTree = "<group>"; };
		BAFE072C1DEDDD7C008509C0 /* RestToCDPostSync.swift */ = {isa = PBXFileReference; fileEncoding = 4; lastKnownFileType = sourcecode.swift; path = RestToCDPostSync.swift; sourceTree = "<group>"; };
		BAFE072E1DEDDEE5008509C0 /* RestToCDPostSyncTests.swift */ = {isa = PBXFileReference; fileEncoding = 4; lastKnownFileType = sourcecode.swift; path = RestToCDPostSyncTests.swift; sourceTree = "<group>"; };
		EC1A3C8B2BE523E31795255C /* Pods_BabylonHealthDemo.framework */ = {isa = PBXFileReference; explicitFileType = wrapper.framework; includeInIndex = 0; path = Pods_BabylonHealthDemo.framework; sourceTree = BUILT_PRODUCTS_DIR; };
/* End PBXFileReference section */

/* Begin PBXFrameworksBuildPhase section */
		BAD726E71DE3964D00E83F32 /* Frameworks */ = {
			isa = PBXFrameworksBuildPhase;
			buildActionMask = 2147483647;
			files = (
				4ECD7F61C17B21BA89AF91B9 /* Pods_BabylonHealthDemo.framework in Frameworks */,
			);
			runOnlyForDeploymentPostprocessing = 0;
		};
		BAD726FE1DE3964D00E83F32 /* Frameworks */ = {
			isa = PBXFrameworksBuildPhase;
			buildActionMask = 2147483647;
			files = (
			);
			runOnlyForDeploymentPostprocessing = 0;
		};
/* End PBXFrameworksBuildPhase section */

/* Begin PBXGroup section */
		28E10F824C8E72A4EB2EAB89 /* Pods */ = {
			isa = PBXGroup;
			children = (
				A17661B548CA02D8EA9EE576 /* Pods-BabylonHealthDemo.debug.xcconfig */,
				A8C84CDE1B08468823A36D08 /* Pods-BabylonHealthDemo.release.xcconfig */,
			);
			name = Pods;
			sourceTree = "<group>";
		};
		4D63FF81663A5D5CF22177DD /* Frameworks */ = {
			isa = PBXGroup;
			children = (
				EC1A3C8B2BE523E31795255C /* Pods_BabylonHealthDemo.framework */,
			);
			name = Frameworks;
			sourceTree = "<group>";
		};
		BA3B81671DEAEB9D00B41A49 /* Controllers */ = {
			isa = PBXGroup;
			children = (
				BA3B81681DEAEBB500B41A49 /* PostListHandler.swift */,
				BA3B817A1DEAF5B900B41A49 /* PostListController.swift */,
			);
			path = Controllers;
			sourceTree = "<group>";
		};
		BA3B816A1DEAEECC00B41A49 /* Networking */ = {
			isa = PBXGroup;
			children = (
				BA3B816B1DEAEED700B41A49 /* Networking.swift */,
				BA3B816F1DEAF1E500B41A49 /* NetworkManager.swift */,
			);
			path = Networking;
			sourceTree = "<group>";
		};
		BA3B816D1DEAF1CB00B41A49 /* Common */ = {
			isa = PBXGroup;
			children = (
				BAE2A8AC1DF430ED00CD30A8 /* Models */,
				BAB48CE01DEC09320039FB96 /* LocalStores */,
				BA3B816E1DEAF1CB00B41A49 /* Networking */,
				BAB48C791DEB7F200039FB96 /* Parsers */,
				BAB48C8D1DEB7FA20039FB96 /* Services */,
				BAB48CE51DEC103B0039FB96 /* SyncEngine */,
			);
			path = Common;
			sourceTree = "<group>";
		};
		BA3B816E1DEAF1CB00B41A49 /* Networking */ = {
			isa = PBXGroup;
			children = (
				BA3B81711DEAF30100B41A49 /* StubNetworkManager.swift */,
			);
			path = Networking;
			sourceTree = "<group>";
		};
		BA3B81731DEAF48200B41A49 /* PostList */ = {
			isa = PBXGroup;
			children = (
				BAE2A8A51DF4269000CD30A8 /* Models */,
				BA3B81771DEAF53B00B41A49 /* Views */,
				BA3B81741DEAF48200B41A49 /* Controllers */,
			);
			path = PostList;
			sourceTree = "<group>";
		};
		BA3B81741DEAF48200B41A49 /* Controllers */ = {
			isa = PBXGroup;
			children = (
				BA3B81751DEAF49300B41A49 /* PostListControllerTests.swift */,
			);
			path = Controllers;
			sourceTree = "<group>";
		};
		BA3B81771DEAF53B00B41A49 /* Views */ = {
			isa = PBXGroup;
			children = (
				BA3B81781DEAF56000B41A49 /* FakePostListView.swift */,
			);
			path = Views;
			sourceTree = "<group>";
		};
		BA96A1801DF36A180082B66E /* Stubs */ = {
			isa = PBXGroup;
			children = (
				BA96A1811DF36A5C0082B66E /* StubUserSync.swift */,
				BA96A1831DF36A650082B66E /* StubPostSync.swift */,
				BA96A1851DF36A6D0082B66E /* StubCommentSync.swift */,
			);
			path = Stubs;
			sourceTree = "<group>";
		};
		BAB48C191DEB5CDD0039FB96 /* Views */ = {
			isa = PBXGroup;
			children = (
				BAB48C1A1DEB5CF70039FB96 /* PostDetailViewController.swift */,
				BAB48C241DEB669C0039FB96 /* PostDetailLayout.swift */,
			);
			path = Views;
			sourceTree = "<group>";
		};
		BAB48C1C1DEB66500039FB96 /* PostDetail */ = {
			isa = PBXGroup;
			children = (
				BAB48C1D1DEB66500039FB96 /* Controllers */,
				BAB48C1E1DEB66500039FB96 /* Views */,
			);
			path = PostDetail;
			sourceTree = "<group>";
		};
		BAB48C1D1DEB66500039FB96 /* Controllers */ = {
			isa = PBXGroup;
			children = (
				BAB48C5D1DEB77C00039FB96 /* PostDetailControllerTests.swift */,
			);
			path = Controllers;
			sourceTree = "<group>";
		};
		BAB48C1E1DEB66500039FB96 /* Views */ = {
			isa = PBXGroup;
			children = (
			);
			path = Views;
			sourceTree = "<group>";
		};
		BAB48C1F1DEB66610039FB96 /* Controllers */ = {
			isa = PBXGroup;
			children = (
				BAB48C201DEB66710039FB96 /* PostDetailHandler.swift */,
				BAB48C221DEB66810039FB96 /* PostDetailController.swift */,
			);
			path = Controllers;
			sourceTree = "<group>";
		};
		BAB48C5F1DEB7E4C0039FB96 /* Models */ = {
			isa = PBXGroup;
			children = (
				BADA46211DECE409004FE2C2 /* Geolocation.swift */,
				BADA46231DECE43D004FE2C2 /* Company.swift */,
				BADA46251DECE47F004FE2C2 /* Address.swift */,
				BADA46271DECE4AC004FE2C2 /* User.swift */,
				BADA46291DECE4DE004FE2C2 /* Post.swift */,
				BADA462B1DECE51A004FE2C2 /* Comment.swift */,
			);
			path = Models;
			sourceTree = "<group>";
		};
		BAB48C6C1DEB7EB60039FB96 /* Parsers */ = {
			isa = PBXGroup;
			children = (
				BAB48C6D1DEB7EB60039FB96 /* CommentParser.swift */,
				BAB48C6E1DEB7EB60039FB96 /* PostParser.swift */,
				BAB48C6F1DEB7EB60039FB96 /* SwiftyJSONCommentParser.swift */,
				BAB48C701DEB7EB60039FB96 /* SwiftyJSONPostParser.swift */,
				BAB48C711DEB7EB60039FB96 /* SwiftyJSONUserParser.swift */,
				BAB48C721DEB7EB60039FB96 /* UserParser.swift */,
			);
			path = Parsers;
			sourceTree = "<group>";
		};
		BAB48C791DEB7F200039FB96 /* Parsers */ = {
			isa = PBXGroup;
			children = (
				BAB48C7A1DEB7F200039FB96 /* SwiftyJSONCommentParserTests.swift */,
				BAB48C7B1DEB7F200039FB96 /* SwiftyJSONPostParserTests.swift */,
				BAB48C7C1DEB7F200039FB96 /* SwiftyJSONUserParserTests.swift */,
			);
			path = Parsers;
			sourceTree = "<group>";
		};
		BAB48C801DEB7F6C0039FB96 /* Services */ = {
			isa = PBXGroup;
			children = (
				BADA46141DECE363004FE2C2 /* Models */,
				BADA46061DECE30F004FE2C2 /* Protocols */,
				BADA460A1DECE30F004FE2C2 /* Rest */,
			);
			path = Services;
			sourceTree = "<group>";
		};
		BAB48C8D1DEB7FA20039FB96 /* Services */ = {
			isa = PBXGroup;
			children = (
				BAB48CEC1DEC12E90039FB96 /* Stubs */,
				BAB48CEE1DEC12E90039FB96 /* Tests */,
			);
			path = Services;
			sourceTree = "<group>";
		};
		BAB48CB11DEBF96F0039FB96 /* SyncEngine */ = {
			isa = PBXGroup;
			children = (
				BADA46681DEDD13E004FE2C2 /* Engine */,
				BADA465F1DEDCE92004FE2C2 /* ModelsSync */,
				BADA462F1DEDAA47004FE2C2 /* ModelsLinker */,
			);
			path = SyncEngine;
			sourceTree = "<group>";
		};
		BAB48CB41DEBFA420039FB96 /* CoreData */ = {
			isa = PBXGroup;
			children = (
				BAB48CB51DEBFA420039FB96 /* CoreDataStack.swift */,
				BAB48CB61DEBFA420039FB96 /* Models */,
				BAB48CD91DEBFC1C0039FB96 /* Stores */,
			);
			path = CoreData;
			sourceTree = "<group>";
		};
		BAB48CB61DEBFA420039FB96 /* Models */ = {
			isa = PBXGroup;
			children = (
				BAB48CB71DEBFA420039FB96 /* CDAddress+CoreDataClass.swift */,
				BAB48CB81DEBFA420039FB96 /* CDAddress+CoreDataProperties.swift */,
				BAB48CB91DEBFA420039FB96 /* CDComment+CoreDataClass.swift */,
				BAB48CBA1DEBFA420039FB96 /* CDComment+CoreDataProperties.swift */,
				BAB48CBB1DEBFA420039FB96 /* CDCompany+CoreDataClass.swift */,
				BAB48CBC1DEBFA420039FB96 /* CDCompany+CoreDataProperties.swift */,
				BAB48CBD1DEBFA420039FB96 /* CDGeolocation+CoreDataClass.swift */,
				BAB48CBE1DEBFA420039FB96 /* CDGeolocation+CoreDataProperties.swift */,
				BAB48CBF1DEBFA420039FB96 /* CDPost+CoreDataClass.swift */,
				BAB48CC01DEBFA420039FB96 /* CDPost+CoreDataProperties.swift */,
				BAB48CC11DEBFA420039FB96 /* CDUser+CoreDataClass.swift */,
				BAB48CC21DEBFA420039FB96 /* CDUser+CoreDataProperties.swift */,
			);
			path = Models;
			sourceTree = "<group>";
		};
		BAB48CD01DEBFADB0039FB96 /* Protocols */ = {
			isa = PBXGroup;
			children = (
				BAB48CD31DEBFB7C0039FB96 /* UserLocalStore.swift */,
				BAB48CD51DEBFB950039FB96 /* PostLocalStore.swift */,
				BAB48CD71DEBFBB10039FB96 /* CommentLocalStore.swift */,
				BAE2A8A01DF425D700CD30A8 /* LocalStores.swift */,
			);
			path = Protocols;
			sourceTree = "<group>";
		};
		BAB48CD91DEBFC1C0039FB96 /* Stores */ = {
			isa = PBXGroup;
			children = (
				BAB48CDA1DEBFC320039FB96 /* CDUserLocalStore.swift */,
				BAB48CDC1DEBFC4D0039FB96 /* CDPostLocalStore.swift */,
				BAB48CDE1DEBFC680039FB96 /* CDCommentLocalStore.swift */,
			);
			path = Stores;
			sourceTree = "<group>";
		};
		BAB48CE01DEC09320039FB96 /* LocalStores */ = {
			isa = PBXGroup;
			children = (
				BAB48CFA1DEC143C0039FB96 /* Stubs */,
				BAB48CE11DEC09320039FB96 /* CoreData */,
			);
			path = LocalStores;
			sourceTree = "<group>";
		};
		BAB48CE11DEC09320039FB96 /* CoreData */ = {
			isa = PBXGroup;
			children = (
				BAB48CE21DEC09320039FB96 /* Stores */,
			);
			path = CoreData;
			sourceTree = "<group>";
		};
		BAB48CE21DEC09320039FB96 /* Stores */ = {
			isa = PBXGroup;
			children = (
				BAB48CE31DEC09740039FB96 /* CDCommentLocalStoreTests.swift */,
				BADA46041DECCE02004FE2C2 /* CDUserLocalStoreTests.swift */,
				BADA462D1DECFC25004FE2C2 /* CDPostLocalStoreTests.swift */,
			);
			path = Stores;
			sourceTree = "<group>";
		};
		BAB48CE51DEC103B0039FB96 /* SyncEngine */ = {
			isa = PBXGroup;
			children = (
				BADA46701DEDD172004FE2C2 /* ModelsSync */,
				BADA466D1DEDD153004FE2C2 /* Engine */,
				BADA46361DEDAC02004FE2C2 /* ModelsLinker */,
			);
			path = SyncEngine;
			sourceTree = "<group>";
		};
		BAB48CEC1DEC12E90039FB96 /* Stubs */ = {
			isa = PBXGroup;
			children = (
				BAB48CED1DEC12E90039FB96 /* StubPostRemoteService.swift */,
				BAB48CF61DEC132D0039FB96 /* StubCommentRemoteService.swift */,
				BAB48CF81DEC133A0039FB96 /* StubUserRemoteService.swift */,
			);
			path = Stubs;
			sourceTree = "<group>";
		};
		BAB48CEE1DEC12E90039FB96 /* Tests */ = {
			isa = PBXGroup;
			children = (
				BAB48CEF1DEC12E90039FB96 /* RestCommentRemoteServiceTests.swift */,
				BAB48CF01DEC12E90039FB96 /* RestPostRemoteServiceTests.swift */,
				BAB48CF11DEC12E90039FB96 /* RestUserRemoteServiceTests.swift */,
			);
			path = Tests;
			sourceTree = "<group>";
		};
		BAB48CFA1DEC143C0039FB96 /* Stubs */ = {
			isa = PBXGroup;
			children = (
				BAB48CFB1DEC14620039FB96 /* StubUserLocalStore.swift */,
				BAB48CFD1DEC14700039FB96 /* StubPostLocalStore.swift */,
				BAB48CFF1DEC14820039FB96 /* StubCommentLocalStore.swift */,
			);
			path = Stubs;
			sourceTree = "<group>";
		};
		BAD726E11DE3964D00E83F32 = {
			isa = PBXGroup;
			children = (
				BAD726EC1DE3964D00E83F32 /* BabylonHealthDemo */,
				BAD727041DE3964D00E83F32 /* BabylonHealthDemoTests */,
				BAD726EB1DE3964D00E83F32 /* Products */,
				28E10F824C8E72A4EB2EAB89 /* Pods */,
				4D63FF81663A5D5CF22177DD /* Frameworks */,
			);
			sourceTree = "<group>";
		};
		BAD726EB1DE3964D00E83F32 /* Products */ = {
			isa = PBXGroup;
			children = (
				BAD726EA1DE3964D00E83F32 /* BabylonHealthDemo.app */,
				BAD727011DE3964D00E83F32 /* BabylonHealthDemoTests.xctest */,
			);
			name = Products;
			sourceTree = "<group>";
		};
		BAD726EC1DE3964D00E83F32 /* BabylonHealthDemo */ = {
			isa = PBXGroup;
			children = (
				BAD726ED1DE3964D00E83F32 /* AppDelegate.swift */,
				BAD727231DE399FB00E83F32 /* Common */,
				BAD727241DE399FB00E83F32 /* PostDetail */,
				BAD727251DE399FB00E83F32 /* PostList */,
				BAD727201DE3992000E83F32 /* Resources */,
			);
			path = BabylonHealthDemo;
			sourceTree = "<group>";
		};
		BAD727041DE3964D00E83F32 /* BabylonHealthDemoTests */ = {
			isa = PBXGroup;
			children = (
				BAD727071DE3964E00E83F32 /* Info.plist */,
				BA3B816D1DEAF1CB00B41A49 /* Common */,
				BAB48C1C1DEB66500039FB96 /* PostDetail */,
				BA3B81731DEAF48200B41A49 /* PostList */,
			);
			path = BabylonHealthDemoTests;
			sourceTree = "<group>";
		};
		BAD727201DE3992000E83F32 /* Resources */ = {
			isa = PBXGroup;
			children = (
				BA3B815D1DEAD4C900B41A49 /* BabylonHealthDemo.xcdatamodeld */,
				BAD727211DE3992000E83F32 /* Info.plist */,
				BAD726F71DE3964D00E83F32 /* Assets.xcassets */,
				BAD726F11DE3964D00E83F32 /* Main.storyboard */,
				BAD726F91DE3964D00E83F32 /* LaunchScreen.storyboard */,
			);
			path = Resources;
			sourceTree = "<group>";
		};
		BAD727231DE399FB00E83F32 /* Common */ = {
			isa = PBXGroup;
			children = (
				BAB48C5F1DEB7E4C0039FB96 /* Models */,
				BA3B816A1DEAEECC00B41A49 /* Networking */,
				BAB48C6C1DEB7EB60039FB96 /* Parsers */,
				BAB48C801DEB7F6C0039FB96 /* Services */,
				BAD7272B1DE3A41E00E83F32 /* LocalStores */,
				BAB48CB11DEBF96F0039FB96 /* SyncEngine */,
			);
			path = Common;
			sourceTree = "<group>";
		};
		BAD727241DE399FB00E83F32 /* PostDetail */ = {
			isa = PBXGroup;
			children = (
				BAB48C1F1DEB66610039FB96 /* Controllers */,
				BAB48C191DEB5CDD0039FB96 /* Views */,
			);
			path = PostDetail;
			sourceTree = "<group>";
		};
		BAD727251DE399FB00E83F32 /* PostList */ = {
			isa = PBXGroup;
			children = (
				BAE2A8A21DF4265C00CD30A8 /* Models */,
				BA3B81671DEAEB9D00B41A49 /* Controllers */,
				BAD727281DE39A3100E83F32 /* Views */,
			);
			path = PostList;
			sourceTree = "<group>";
		};
		BAD727281DE39A3100E83F32 /* Views */ = {
			isa = PBXGroup;
			children = (
				BAD727291DE39A3100E83F32 /* PostListViewController.swift */,
				BA3B81601DEADE2500B41A49 /* PostListCell.swift */,
				BA3B81651DEAEB5F00B41A49 /* PostListLayout.swift */,
				BA3B817C1DEAFA3100B41A49 /* PostListLoadingView.swift */,
			);
			path = Views;
			sourceTree = "<group>";
		};
		BAD7272B1DE3A41E00E83F32 /* LocalStores */ = {
			isa = PBXGroup;
			children = (
				BAB48CD01DEBFADB0039FB96 /* Protocols */,
				BAB48CB41DEBFA420039FB96 /* CoreData */,
			);
			path = LocalStores;
			sourceTree = "<group>";
		};
		BADA46061DECE30F004FE2C2 /* Protocols */ = {
			isa = PBXGroup;
			children = (
				BADA46071DECE30F004FE2C2 /* CommentRemoteService.swift */,
				BADA46081DECE30F004FE2C2 /* PostRemoteService.swift */,
				BADA46091DECE30F004FE2C2 /* UserRemoteService.swift */,
			);
			path = Protocols;
			sourceTree = "<group>";
		};
		BADA460A1DECE30F004FE2C2 /* Rest */ = {
			isa = PBXGroup;
			children = (
				BADA460B1DECE30F004FE2C2 /* RestCommentRemoteService.swift */,
				BADA460C1DECE30F004FE2C2 /* RestPostRemoteService.swift */,
				BADA460D1DECE30F004FE2C2 /* RestUserRemoteService.swift */,
			);
			path = Rest;
			sourceTree = "<group>";
		};
		BADA46141DECE363004FE2C2 /* Models */ = {
			isa = PBXGroup;
			children = (
				BADA46151DECE3C7004FE2C2 /* RestAddress.swift */,
				BADA46161DECE3C7004FE2C2 /* RestComment.swift */,
				BADA46171DECE3C7004FE2C2 /* RestCompany.swift */,
				BADA46181DECE3C7004FE2C2 /* RestGeolocation.swift */,
				BADA46191DECE3C7004FE2C2 /* RestPost.swift */,
				BADA461A1DECE3C7004FE2C2 /* RestUser.swift */,
			);
			path = Models;
			sourceTree = "<group>";
		};
		BADA462F1DEDAA47004FE2C2 /* ModelsLinker */ = {
			isa = PBXGroup;
			children = (
				BADA46321DEDABCE004FE2C2 /* Protocols */,
				BADA46341DEDABCE004FE2C2 /* Rest */,
			);
			path = ModelsLinker;
			sourceTree = "<group>";
		};
		BADA46321DEDABCE004FE2C2 /* Protocols */ = {
			isa = PBXGroup;
			children = (
				BADA46331DEDABCE004FE2C2 /* UserPostLinker.swift */,
				BADA463B1DEDC1A0004FE2C2 /* PostCommentLinker.swift */,
			);
			path = Protocols;
			sourceTree = "<group>";
		};
		BADA46341DEDABCE004FE2C2 /* Rest */ = {
			isa = PBXGroup;
			children = (
				BADA46391DEDAC4C004FE2C2 /* RestUserPostLinker.swift */,
				BADA463D1DEDC202004FE2C2 /* RestPostCommentLinker.swift */,
			);
			path = Rest;
			sourceTree = "<group>";
		};
		BADA46361DEDAC02004FE2C2 /* ModelsLinker */ = {
			isa = PBXGroup;
			children = (
				BADA46371DEDAC16004FE2C2 /* RestUserPostLinkerTests.swift */,
				BADA463F1DEDC21D004FE2C2 /* RestPostCommentLinkerTests.swift */,
			);
			path = ModelsLinker;
			sourceTree = "<group>";
		};
		BADA465F1DEDCE92004FE2C2 /* ModelsSync */ = {
			isa = PBXGroup;
			children = (
				BADA46621DEDCF73004FE2C2 /* Implementations */,
				BADA46631DEDCF73004FE2C2 /* Protocols */,
			);
			path = ModelsSync;
			sourceTree = "<group>";
		};
		BADA46621DEDCF73004FE2C2 /* Implementations */ = {
			isa = PBXGroup;
			children = (
				BADA46661DEDCF89004FE2C2 /* RestToCDUserSync.swift */,
				BAFE072C1DEDDD7C008509C0 /* RestToCDPostSync.swift */,
				BA3954EA1DEE1A5300FC1720 /* RestToCDCommentSync.swift */,
			);
			path = Implementations;
			sourceTree = "<group>";
		};
		BADA46631DEDCF73004FE2C2 /* Protocols */ = {
			isa = PBXGroup;
			children = (
				BADA46641DEDCF73004FE2C2 /* UserSyncing.swift */,
				BAFE072A1DEDDCB1008509C0 /* PostSyncing.swift */,
				BA3954E81DEE19F600FC1720 /* CommentSyncing.swift */,
			);
			path = Protocols;
			sourceTree = "<group>";
		};
		BADA46681DEDD13E004FE2C2 /* Engine */ = {
			isa = PBXGroup;
			children = (
				BA3954EE1DEE2D2400FC1720 /* SyncEngine.swift */,
				BA3954F01DEE2D7200FC1720 /* RestToCoreDataSync.swift */,
			);
			path = Engine;
			sourceTree = "<group>";
		};
		BADA466D1DEDD153004FE2C2 /* Engine */ = {
			isa = PBXGroup;
			children = (
				BA3954F41DEE2DD100FC1720 /* RestToCoreDataSyncTests.swift */,
				BA96A17E1DF3690A0082B66E /* StubSyncEngine.swift */,
			);
			path = Engine;
			sourceTree = "<group>";
		};
		BADA46701DEDD172004FE2C2 /* ModelsSync */ = {
			isa = PBXGroup;
			children = (
				BA96A1801DF36A180082B66E /* Stubs */,
				BADA46711DEDD18A004FE2C2 /* Implementations */,
			);
			path = ModelsSync;
			sourceTree = "<group>";
		};
		BADA46711DEDD18A004FE2C2 /* Implementations */ = {
			isa = PBXGroup;
			children = (
				BADA46721DEDD1A4004FE2C2 /* RestToCDUserSyncTests.swift */,
				BAFE072E1DEDDEE5008509C0 /* RestToCDPostSyncTests.swift */,
				BA3954EC1DEE1C1600FC1720 /* RestToCDCommentSyncTests.swift */,
			);
			path = Implementations;
			sourceTree = "<group>";
		};
		BAE2A8A21DF4265C00CD30A8 /* Models */ = {
			isa = PBXGroup;
			children = (
				BAE2A8A31DF4267600CD30A8 /* PostDetailViewModelFactory.swift */,
				BAE2A8A81DF4276F00CD30A8 /* PostDetailViewModel.swift */,
				BAE2A8AA1DF427C700CD30A8 /* CDPostDetailViewModelFactory.swift */,
			);
			path = Models;
			sourceTree = "<group>";
		};
		BAE2A8A51DF4269000CD30A8 /* Models */ = {
			isa = PBXGroup;
			children = (
				BAE2A8A61DF426A100CD30A8 /* CDPostDetailViewModelFactory.swift */,
			);
			path = Models;
			sourceTree = "<group>";
		};
		BAE2A8AC1DF430ED00CD30A8 /* Models */ = {
			isa = PBXGroup;
			children = (
				BAE2A8AD1DF430FF00CD30A8 /* RestUserFactory.swift */,
				BAE2A8AF1DF4327600CD30A8 /* RestPostFactory.swift */,
				BAE2A8B11DF4337B00CD30A8 /* RestCommentFactory.swift */,
			);
			path = Models;
			sourceTree = "<group>";
		};
/* End PBXGroup section */

/* Begin PBXNativeTarget section */
		BAD726E91DE3964D00E83F32 /* BabylonHealthDemo */ = {
			isa = PBXNativeTarget;
			buildConfigurationList = BAD7270A1DE3964E00E83F32 /* Build configuration list for PBXNativeTarget "BabylonHealthDemo" */;
			buildPhases = (
				10F3561A92EB41516E8054E9 /* [CP] Check Pods Manifest.lock */,
				BAD726E61DE3964D00E83F32 /* Sources */,
				BAD726E71DE3964D00E83F32 /* Frameworks */,
				BAD726E81DE3964D00E83F32 /* Resources */,
				1E6E4EBFEFA79AC28D02E6A6 /* [CP] Embed Pods Frameworks */,
				48B79FB657388DEF68600C07 /* [CP] Copy Pods Resources */,
			);
			buildRules = (
			);
			dependencies = (
			);
			name = BabylonHealthDemo;
			productName = BabylonHealthDemo;
			productReference = BAD726EA1DE3964D00E83F32 /* BabylonHealthDemo.app */;
			productType = "com.apple.product-type.application";
		};
		BAD727001DE3964D00E83F32 /* BabylonHealthDemoTests */ = {
			isa = PBXNativeTarget;
			buildConfigurationList = BAD7270D1DE3964E00E83F32 /* Build configuration list for PBXNativeTarget "BabylonHealthDemoTests" */;
			buildPhases = (
				BAD726FD1DE3964D00E83F32 /* Sources */,
				BAD726FE1DE3964D00E83F32 /* Frameworks */,
				BAD726FF1DE3964D00E83F32 /* Resources */,
			);
			buildRules = (
			);
			dependencies = (
				BAD727031DE3964D00E83F32 /* PBXTargetDependency */,
			);
			name = BabylonHealthDemoTests;
			productName = BabylonHealthDemoTests;
			productReference = BAD727011DE3964D00E83F32 /* BabylonHealthDemoTests.xctest */;
			productType = "com.apple.product-type.bundle.unit-test";
		};
/* End PBXNativeTarget section */

/* Begin PBXProject section */
		BAD726E21DE3964D00E83F32 /* Project object */ = {
			isa = PBXProject;
			attributes = {
				LastSwiftUpdateCheck = 0810;
				LastUpgradeCheck = 0810;
				ORGANIZATIONNAME = "Giuseppe Morana";
				TargetAttributes = {
					BAD726E91DE3964D00E83F32 = {
						CreatedOnToolsVersion = 8.1;
						DevelopmentTeam = 737F3CPAC5;
						ProvisioningStyle = Automatic;
					};
					BAD727001DE3964D00E83F32 = {
						CreatedOnToolsVersion = 8.1;
						DevelopmentTeam = 737F3CPAC5;
						LastSwiftMigration = 0810;
						ProvisioningStyle = Automatic;
						TestTargetID = BAD726E91DE3964D00E83F32;
					};
				};
			};
			buildConfigurationList = BAD726E51DE3964D00E83F32 /* Build configuration list for PBXProject "BabylonHealthDemo" */;
			compatibilityVersion = "Xcode 3.2";
			developmentRegion = English;
			hasScannedForEncodings = 0;
			knownRegions = (
				en,
				Base,
			);
			mainGroup = BAD726E11DE3964D00E83F32;
			productRefGroup = BAD726EB1DE3964D00E83F32 /* Products */;
			projectDirPath = "";
			projectRoot = "";
			targets = (
				BAD726E91DE3964D00E83F32 /* BabylonHealthDemo */,
				BAD727001DE3964D00E83F32 /* BabylonHealthDemoTests */,
			);
		};
/* End PBXProject section */

/* Begin PBXResourcesBuildPhase section */
		BAD726E81DE3964D00E83F32 /* Resources */ = {
			isa = PBXResourcesBuildPhase;
			buildActionMask = 2147483647;
			files = (
				BAD726FB1DE3964D00E83F32 /* LaunchScreen.storyboard in Resources */,
				BAD726F81DE3964D00E83F32 /* Assets.xcassets in Resources */,
				BAD726F31DE3964D00E83F32 /* Main.storyboard in Resources */,
			);
			runOnlyForDeploymentPostprocessing = 0;
		};
		BAD726FF1DE3964D00E83F32 /* Resources */ = {
			isa = PBXResourcesBuildPhase;
			buildActionMask = 2147483647;
			files = (
			);
			runOnlyForDeploymentPostprocessing = 0;
		};
/* End PBXResourcesBuildPhase section */

/* Begin PBXShellScriptBuildPhase section */
		10F3561A92EB41516E8054E9 /* [CP] Check Pods Manifest.lock */ = {
			isa = PBXShellScriptBuildPhase;
			buildActionMask = 2147483647;
			files = (
			);
			inputPaths = (
			);
			name = "[CP] Check Pods Manifest.lock";
			outputPaths = (
			);
			runOnlyForDeploymentPostprocessing = 0;
			shellPath = /bin/sh;
			shellScript = "diff \"${PODS_ROOT}/../Podfile.lock\" \"${PODS_ROOT}/Manifest.lock\" > /dev/null\nif [ $? != 0 ] ; then\n    # print error to STDERR\n    echo \"error: The sandbox is not in sync with the Podfile.lock. Run 'pod install' or update your CocoaPods installation.\" >&2\n    exit 1\nfi\n";
			showEnvVarsInLog = 0;
		};
		1E6E4EBFEFA79AC28D02E6A6 /* [CP] Embed Pods Frameworks */ = {
			isa = PBXShellScriptBuildPhase;
			buildActionMask = 2147483647;
			files = (
			);
			inputPaths = (
			);
			name = "[CP] Embed Pods Frameworks";
			outputPaths = (
			);
			runOnlyForDeploymentPostprocessing = 0;
			shellPath = /bin/sh;
			shellScript = "\"${SRCROOT}/Pods/Target Support Files/Pods-BabylonHealthDemo/Pods-BabylonHealthDemo-frameworks.sh\"\n";
			showEnvVarsInLog = 0;
		};
		48B79FB657388DEF68600C07 /* [CP] Copy Pods Resources */ = {
			isa = PBXShellScriptBuildPhase;
			buildActionMask = 2147483647;
			files = (
			);
			inputPaths = (
			);
			name = "[CP] Copy Pods Resources";
			outputPaths = (
			);
			runOnlyForDeploymentPostprocessing = 0;
			shellPath = /bin/sh;
			shellScript = "\"${SRCROOT}/Pods/Target Support Files/Pods-BabylonHealthDemo/Pods-BabylonHealthDemo-resources.sh\"\n";
			showEnvVarsInLog = 0;
		};
/* End PBXShellScriptBuildPhase section */

/* Begin PBXSourcesBuildPhase section */
		BAD726E61DE3964D00E83F32 /* Sources */ = {
			isa = PBXSourcesBuildPhase;
			buildActionMask = 2147483647;
			files = (
				BA3B81691DEAEBB500B41A49 /* PostListHandler.swift in Sources */,
				BAB48CC61DEBFA420039FB96 /* CDComment+CoreDataClass.swift in Sources */,
				BAB48CCE1DEBFA420039FB96 /* CDUser+CoreDataClass.swift in Sources */,
				BAB48CCB1DEBFA420039FB96 /* CDGeolocation+CoreDataProperties.swift in Sources */,
				BAB48C1B1DEB5CF70039FB96 /* PostDetailViewController.swift in Sources */,
				BAB48CCD1DEBFA420039FB96 /* CDPost+CoreDataProperties.swift in Sources */,
				BADA46261DECE47F004FE2C2 /* Address.swift in Sources */,
				BAB48CC71DEBFA420039FB96 /* CDComment+CoreDataProperties.swift in Sources */,
				BAD7272A1DE39A3100E83F32 /* PostListViewController.swift in Sources */,
				BAB48C761DEB7EB60039FB96 /* SwiftyJSONPostParser.swift in Sources */,
				BA3B81661DEAEB5F00B41A49 /* PostListLayout.swift in Sources */,
				BAB48CC51DEBFA420039FB96 /* CDAddress+CoreDataProperties.swift in Sources */,
				BADA46671DEDCF89004FE2C2 /* RestToCDUserSync.swift in Sources */,
				BAB48CDD1DEBFC4D0039FB96 /* CDPostLocalStore.swift in Sources */,
				BA3954EF1DEE2D2400FC1720 /* SyncEngine.swift in Sources */,
				BADA460F1DECE30F004FE2C2 /* PostRemoteService.swift in Sources */,
				BAB48CDF1DEBFC680039FB96 /* CDCommentLocalStore.swift in Sources */,
				BAB48CC91DEBFA420039FB96 /* CDCompany+CoreDataProperties.swift in Sources */,
				BADA462C1DECE51A004FE2C2 /* Comment.swift in Sources */,
				BADA46221DECE409004FE2C2 /* Geolocation.swift in Sources */,
				BADA46131DECE30F004FE2C2 /* RestUserRemoteService.swift in Sources */,
				BADA46241DECE43D004FE2C2 /* Company.swift in Sources */,
				BA3B817D1DEAFA3100B41A49 /* PostListLoadingView.swift in Sources */,
				BAB48CCF1DEBFA420039FB96 /* CDUser+CoreDataProperties.swift in Sources */,
				BAD726EE1DE3964D00E83F32 /* AppDelegate.swift in Sources */,
				BAB48CDB1DEBFC320039FB96 /* CDUserLocalStore.swift in Sources */,
				BA3B81701DEAF1E500B41A49 /* NetworkManager.swift in Sources */,
				BADA461E1DECE3C7004FE2C2 /* RestGeolocation.swift in Sources */,
				BAFE072D1DEDDD7C008509C0 /* RestToCDPostSync.swift in Sources */,
				BAE2A8A11DF425D700CD30A8 /* LocalStores.swift in Sources */,
				BA3B817B1DEAF5B900B41A49 /* PostListController.swift in Sources */,
				BA3B815F1DEAD4C900B41A49 /* BabylonHealthDemo.xcdatamodeld in Sources */,
				BAE2A8AB1DF427C700CD30A8 /* CDPostDetailViewModelFactory.swift in Sources */,
				BADA461C1DECE3C7004FE2C2 /* RestComment.swift in Sources */,
				BA3954EB1DEE1A5300FC1720 /* RestToCDCommentSync.swift in Sources */,
				BAB48CD61DEBFB950039FB96 /* PostLocalStore.swift in Sources */,
				BA3B81611DEADE2500B41A49 /* PostListCell.swift in Sources */,
				BADA46351DEDABCE004FE2C2 /* UserPostLinker.swift in Sources */,
				BAB48CD41DEBFB7C0039FB96 /* UserLocalStore.swift in Sources */,
				BADA46201DECE3C7004FE2C2 /* RestUser.swift in Sources */,
				BAE2A8A41DF4267600CD30A8 /* PostDetailViewModelFactory.swift in Sources */,
				BAFE072B1DEDDCB1008509C0 /* PostSyncing.swift in Sources */,
				BAE2A8A91DF4276F00CD30A8 /* PostDetailViewModel.swift in Sources */,
				BADA463C1DEDC1A0004FE2C2 /* PostCommentLinker.swift in Sources */,
				BAB48C231DEB66810039FB96 /* PostDetailController.swift in Sources */,
				BADA46651DEDCF73004FE2C2 /* UserSyncing.swift in Sources */,
				BADA46101DECE30F004FE2C2 /* UserRemoteService.swift in Sources */,
				BADA461B1DECE3C7004FE2C2 /* RestAddress.swift in Sources */,
				BAB48C731DEB7EB60039FB96 /* CommentParser.swift in Sources */,
				BADA461D1DECE3C7004FE2C2 /* RestCompany.swift in Sources */,
				BAB48C781DEB7EB60039FB96 /* UserParser.swift in Sources */,
				BAB48C251DEB669C0039FB96 /* PostDetailLayout.swift in Sources */,
				BADA463E1DEDC202004FE2C2 /* RestPostCommentLinker.swift in Sources */,
				BA3B816C1DEAEED700B41A49 /* Networking.swift in Sources */,
				BADA460E1DECE30F004FE2C2 /* CommentRemoteService.swift in Sources */,
				BAB48CC81DEBFA420039FB96 /* CDCompany+CoreDataClass.swift in Sources */,
				BAB48CC31DEBFA420039FB96 /* CoreDataStack.swift in Sources */,
				BAB48CCC1DEBFA420039FB96 /* CDPost+CoreDataClass.swift in Sources */,
				BADA46121DECE30F004FE2C2 /* RestPostRemoteService.swift in Sources */,
				BADA461F1DECE3C7004FE2C2 /* RestPost.swift in Sources */,
				BAB48CD81DEBFBB10039FB96 /* CommentLocalStore.swift in Sources */,
				BA3954E91DEE19F600FC1720 /* CommentSyncing.swift in Sources */,
				BAB48C751DEB7EB60039FB96 /* SwiftyJSONCommentParser.swift in Sources */,
				BAB48C741DEB7EB60039FB96 /* PostParser.swift in Sources */,
				BADA462A1DECE4DE004FE2C2 /* Post.swift in Sources */,
				BA3954F11DEE2D7200FC1720 /* RestToCoreDataSync.swift in Sources */,
				BAB48CCA1DEBFA420039FB96 /* CDGeolocation+CoreDataClass.swift in Sources */,
				BAB48C211DEB66710039FB96 /* PostDetailHandler.swift in Sources */,
				BADA46111DECE30F004FE2C2 /* RestCommentRemoteService.swift in Sources */,
				BAB48C771DEB7EB60039FB96 /* SwiftyJSONUserParser.swift in Sources */,
				BAB48CC41DEBFA420039FB96 /* CDAddress+CoreDataClass.swift in Sources */,
				BADA46281DECE4AC004FE2C2 /* User.swift in Sources */,
				BADA463A1DEDAC4C004FE2C2 /* RestUserPostLinker.swift in Sources */,
			);
			runOnlyForDeploymentPostprocessing = 0;
		};
		BAD726FD1DE3964D00E83F32 /* Sources */ = {
			isa = PBXSourcesBuildPhase;
			buildActionMask = 2147483647;
			files = (
				BAB48C7D1DEB7F200039FB96 /* SwiftyJSONCommentParserTests.swift in Sources */,
				BAB48C7F1DEB7F200039FB96 /* SwiftyJSONUserParserTests.swift in Sources */,
				BADA462E1DECFC25004FE2C2 /* CDPostLocalStoreTests.swift in Sources */,
				BAB48CF51DEC12E90039FB96 /* RestUserRemoteServiceTests.swift in Sources */,
				BAB48CF41DEC12E90039FB96 /* RestPostRemoteServiceTests.swift in Sources */,
				BAB48CE41DEC09740039FB96 /* CDCommentLocalStoreTests.swift in Sources */,
				BAB48CF91DEC133A0039FB96 /* StubUserRemoteService.swift in Sources */,
				BADA46051DECCE02004FE2C2 /* CDUserLocalStoreTests.swift in Sources */,
				BA3954F51DEE2DD100FC1720 /* RestToCoreDataSyncTests.swift in Sources */,
				BA3B81791DEAF56000B41A49 /* FakePostListView.swift in Sources */,
				BAB48CFE1DEC14700039FB96 /* StubPostLocalStore.swift in Sources */,
				BAB48CFC1DEC14620039FB96 /* StubUserLocalStore.swift in Sources */,
				BAE2A8B01DF4327600CD30A8 /* RestPostFactory.swift in Sources */,
				BA96A1821DF36A5C0082B66E /* StubUserSync.swift in Sources */,
				BA96A1861DF36A6D0082B66E /* StubCommentSync.swift in Sources */,
				BAB48CF71DEC132D0039FB96 /* StubCommentRemoteService.swift in Sources */,
				BAB48D001DEC14820039FB96 /* StubCommentLocalStore.swift in Sources */,
				BAB48CF31DEC12E90039FB96 /* RestCommentRemoteServiceTests.swift in Sources */,
				BAE2A8B21DF4337B00CD30A8 /* RestCommentFactory.swift in Sources */,
				BAE2A8AE1DF430FF00CD30A8 /* RestUserFactory.swift in Sources */,
				BA3B81721DEAF30100B41A49 /* StubNetworkManager.swift in Sources */,
				BADA46381DEDAC16004FE2C2 /* RestUserPostLinkerTests.swift in Sources */,
				BADA46731DEDD1A4004FE2C2 /* RestToCDUserSyncTests.swift in Sources */,
				BA3B81761DEAF49300B41A49 /* PostListControllerTests.swift in Sources */,
				BAB48CF21DEC12E90039FB96 /* StubPostRemoteService.swift in Sources */,
				BAE2A8A71DF426A100CD30A8 /* CDPostDetailViewModelFactory.swift in Sources */,
				BAFE072F1DEDDEE5008509C0 /* RestToCDPostSyncTests.swift in Sources */,
				BA96A1841DF36A650082B66E /* StubPostSync.swift in Sources */,
				BAB48C7E1DEB7F200039FB96 /* SwiftyJSONPostParserTests.swift in Sources */,
				BADA46401DEDC21D004FE2C2 /* RestPostCommentLinkerTests.swift in Sources */,
				BA3954ED1DEE1C1600FC1720 /* RestToCDCommentSyncTests.swift in Sources */,
				BA96A17F1DF3690A0082B66E /* StubSyncEngine.swift in Sources */,
				BAB48C5E1DEB77C00039FB96 /* PostDetailControllerTests.swift in Sources */,
			);
			runOnlyForDeploymentPostprocessing = 0;
		};
/* End PBXSourcesBuildPhase section */

/* Begin PBXTargetDependency section */
		BAD727031DE3964D00E83F32 /* PBXTargetDependency */ = {
			isa = PBXTargetDependency;
			target = BAD726E91DE3964D00E83F32 /* BabylonHealthDemo */;
			targetProxy = BAD727021DE3964D00E83F32 /* PBXContainerItemProxy */;
		};
/* End PBXTargetDependency section */

/* Begin PBXVariantGroup section */
		BAD726F11DE3964D00E83F32 /* Main.storyboard */ = {
			isa = PBXVariantGroup;
			children = (
				BAD726F21DE3964D00E83F32 /* Base */,
			);
			name = Main.storyboard;
			path = ..;
			sourceTree = "<group>";
		};
		BAD726F91DE3964D00E83F32 /* LaunchScreen.storyboard */ = {
			isa = PBXVariantGroup;
			children = (
				BAD726FA1DE3964D00E83F32 /* Base */,
			);
			name = LaunchScreen.storyboard;
			path = ..;
			sourceTree = "<group>";
		};
/* End PBXVariantGroup section */

/* Begin XCBuildConfiguration section */
		BAD727081DE3964E00E83F32 /* Debug */ = {
			isa = XCBuildConfiguration;
			buildSettings = {
				ALWAYS_SEARCH_USER_PATHS = NO;
				CLANG_ANALYZER_NONNULL = YES;
				CLANG_CXX_LANGUAGE_STANDARD = "gnu++0x";
				CLANG_CXX_LIBRARY = "libc++";
				CLANG_ENABLE_MODULES = YES;
				CLANG_ENABLE_OBJC_ARC = YES;
				CLANG_WARN_BOOL_CONVERSION = YES;
				CLANG_WARN_CONSTANT_CONVERSION = YES;
				CLANG_WARN_DIRECT_OBJC_ISA_USAGE = YES_ERROR;
				CLANG_WARN_DOCUMENTATION_COMMENTS = YES;
				CLANG_WARN_EMPTY_BODY = YES;
				CLANG_WARN_ENUM_CONVERSION = YES;
				CLANG_WARN_INFINITE_RECURSION = YES;
				CLANG_WARN_INT_CONVERSION = YES;
				CLANG_WARN_OBJC_ROOT_CLASS = YES_ERROR;
				CLANG_WARN_SUSPICIOUS_MOVE = YES;
				CLANG_WARN_SUSPICIOUS_MOVES = YES;
				CLANG_WARN_UNREACHABLE_CODE = YES;
				CLANG_WARN__DUPLICATE_METHOD_MATCH = YES;
				"CODE_SIGN_IDENTITY[sdk=iphoneos*]" = "iPhone Developer";
				COPY_PHASE_STRIP = NO;
				DEBUG_INFORMATION_FORMAT = dwarf;
				ENABLE_STRICT_OBJC_MSGSEND = YES;
				ENABLE_TESTABILITY = YES;
				GCC_C_LANGUAGE_STANDARD = gnu99;
				GCC_DYNAMIC_NO_PIC = NO;
				GCC_NO_COMMON_BLOCKS = YES;
				GCC_OPTIMIZATION_LEVEL = 0;
				GCC_PREPROCESSOR_DEFINITIONS = (
					"DEBUG=1",
					"$(inherited)",
				);
				GCC_WARN_64_TO_32_BIT_CONVERSION = YES;
				GCC_WARN_ABOUT_RETURN_TYPE = YES_ERROR;
				GCC_WARN_UNDECLARED_SELECTOR = YES;
				GCC_WARN_UNINITIALIZED_AUTOS = YES_AGGRESSIVE;
				GCC_WARN_UNUSED_FUNCTION = YES;
				GCC_WARN_UNUSED_VARIABLE = YES;
				IPHONEOS_DEPLOYMENT_TARGET = 10.1;
				MTL_ENABLE_DEBUG_INFO = YES;
				ONLY_ACTIVE_ARCH = YES;
				SDKROOT = iphoneos;
				SWIFT_ACTIVE_COMPILATION_CONDITIONS = DEBUG;
				SWIFT_OPTIMIZATION_LEVEL = "-Onone";
				TARGETED_DEVICE_FAMILY = "1,2";
			};
			name = Debug;
		};
		BAD727091DE3964E00E83F32 /* Release */ = {
			isa = XCBuildConfiguration;
			buildSettings = {
				ALWAYS_SEARCH_USER_PATHS = NO;
				CLANG_ANALYZER_NONNULL = YES;
				CLANG_CXX_LANGUAGE_STANDARD = "gnu++0x";
				CLANG_CXX_LIBRARY = "libc++";
				CLANG_ENABLE_MODULES = YES;
				CLANG_ENABLE_OBJC_ARC = YES;
				CLANG_WARN_BOOL_CONVERSION = YES;
				CLANG_WARN_CONSTANT_CONVERSION = YES;
				CLANG_WARN_DIRECT_OBJC_ISA_USAGE = YES_ERROR;
				CLANG_WARN_DOCUMENTATION_COMMENTS = YES;
				CLANG_WARN_EMPTY_BODY = YES;
				CLANG_WARN_ENUM_CONVERSION = YES;
				CLANG_WARN_INFINITE_RECURSION = YES;
				CLANG_WARN_INT_CONVERSION = YES;
				CLANG_WARN_OBJC_ROOT_CLASS = YES_ERROR;
				CLANG_WARN_SUSPICIOUS_MOVE = YES;
				CLANG_WARN_SUSPICIOUS_MOVES = YES;
				CLANG_WARN_UNREACHABLE_CODE = YES;
				CLANG_WARN__DUPLICATE_METHOD_MATCH = YES;
				"CODE_SIGN_IDENTITY[sdk=iphoneos*]" = "iPhone Developer";
				COPY_PHASE_STRIP = NO;
				DEBUG_INFORMATION_FORMAT = "dwarf-with-dsym";
				ENABLE_NS_ASSERTIONS = NO;
				ENABLE_STRICT_OBJC_MSGSEND = YES;
				GCC_C_LANGUAGE_STANDARD = gnu99;
				GCC_NO_COMMON_BLOCKS = YES;
				GCC_WARN_64_TO_32_BIT_CONVERSION = YES;
				GCC_WARN_ABOUT_RETURN_TYPE = YES_ERROR;
				GCC_WARN_UNDECLARED_SELECTOR = YES;
				GCC_WARN_UNINITIALIZED_AUTOS = YES_AGGRESSIVE;
				GCC_WARN_UNUSED_FUNCTION = YES;
				GCC_WARN_UNUSED_VARIABLE = YES;
				IPHONEOS_DEPLOYMENT_TARGET = 10.1;
				MTL_ENABLE_DEBUG_INFO = NO;
				SDKROOT = iphoneos;
				SWIFT_OPTIMIZATION_LEVEL = "-Owholemodule";
				TARGETED_DEVICE_FAMILY = "1,2";
				VALIDATE_PRODUCT = YES;
			};
			name = Release;
		};
		BAD7270B1DE3964E00E83F32 /* Debug */ = {
			isa = XCBuildConfiguration;
			baseConfigurationReference = A17661B548CA02D8EA9EE576 /* Pods-BabylonHealthDemo.debug.xcconfig */;
			buildSettings = {
				ALWAYS_EMBED_SWIFT_STANDARD_LIBRARIES = YES;
				ASSETCATALOG_COMPILER_APPICON_NAME = AppIcon;
				"CODE_SIGN_IDENTITY[sdk=iphoneos*]" = "iPhone Developer";
				DEVELOPMENT_TEAM = 737F3CPAC5;
				INFOPLIST_FILE = "$(SRCROOT)/BabylonHealthDemo/Resources/Info.plist";
				LD_RUNPATH_SEARCH_PATHS = "$(inherited) @executable_path/Frameworks";
				PRODUCT_BUNDLE_IDENTIFIER = eugenio79.BabylonHealthDemo;
				PRODUCT_NAME = "$(TARGET_NAME)";
				SWIFT_VERSION = 3.0;
				TARGETED_DEVICE_FAMILY = 1;
			};
			name = Debug;
		};
		BAD7270C1DE3964E00E83F32 /* Release */ = {
			isa = XCBuildConfiguration;
			baseConfigurationReference = A8C84CDE1B08468823A36D08 /* Pods-BabylonHealthDemo.release.xcconfig */;
			buildSettings = {
				ALWAYS_EMBED_SWIFT_STANDARD_LIBRARIES = YES;
				ASSETCATALOG_COMPILER_APPICON_NAME = AppIcon;
				"CODE_SIGN_IDENTITY[sdk=iphoneos*]" = "iPhone Developer";
				DEVELOPMENT_TEAM = 737F3CPAC5;
				INFOPLIST_FILE = "$(SRCROOT)/BabylonHealthDemo/Resources/Info.plist";
				LD_RUNPATH_SEARCH_PATHS = "$(inherited) @executable_path/Frameworks";
				PRODUCT_BUNDLE_IDENTIFIER = eugenio79.BabylonHealthDemo;
				PRODUCT_NAME = "$(TARGET_NAME)";
				SWIFT_VERSION = 3.0;
				TARGETED_DEVICE_FAMILY = 1;
			};
			name = Release;
		};
		BAD7270E1DE3964E00E83F32 /* Debug */ = {
			isa = XCBuildConfiguration;
			buildSettings = {
				ALWAYS_EMBED_SWIFT_STANDARD_LIBRARIES = YES;
				BUNDLE_LOADER = "$(TEST_HOST)";
				CLANG_ENABLE_MODULES = YES;
				"CODE_SIGN_IDENTITY[sdk=iphoneos*]" = "iPhone Developer";
				DEVELOPMENT_TEAM = 737F3CPAC5;
				INFOPLIST_FILE = BabylonHealthDemoTests/Info.plist;
				LD_RUNPATH_SEARCH_PATHS = "$(inherited) @executable_path/Frameworks @loader_path/Frameworks";
				PRODUCT_BUNDLE_IDENTIFIER = eugenio79.BabylonHealthDemoTests;
				PRODUCT_NAME = "$(TARGET_NAME)";
				SWIFT_OPTIMIZATION_LEVEL = "-Onone";
				SWIFT_VERSION = 3.0;
				TEST_HOST = "$(BUILT_PRODUCTS_DIR)/BabylonHealthDemo.app/BabylonHealthDemo";
			};
			name = Debug;
		};
		BAD7270F1DE3964E00E83F32 /* Release */ = {
			isa = XCBuildConfiguration;
			buildSettings = {
				ALWAYS_EMBED_SWIFT_STANDARD_LIBRARIES = YES;
				BUNDLE_LOADER = "$(TEST_HOST)";
				CLANG_ENABLE_MODULES = YES;
				"CODE_SIGN_IDENTITY[sdk=iphoneos*]" = "iPhone Developer";
				DEVELOPMENT_TEAM = 737F3CPAC5;
				INFOPLIST_FILE = BabylonHealthDemoTests/Info.plist;
				LD_RUNPATH_SEARCH_PATHS = "$(inherited) @executable_path/Frameworks @loader_path/Frameworks";
				PRODUCT_BUNDLE_IDENTIFIER = eugenio79.BabylonHealthDemoTests;
				PRODUCT_NAME = "$(TARGET_NAME)";
				SWIFT_VERSION = 3.0;
				TEST_HOST = "$(BUILT_PRODUCTS_DIR)/BabylonHealthDemo.app/BabylonHealthDemo";
			};
			name = Release;
		};
/* End XCBuildConfiguration section */

/* Begin XCConfigurationList section */
		BAD726E51DE3964D00E83F32 /* Build configuration list for PBXProject "BabylonHealthDemo" */ = {
			isa = XCConfigurationList;
			buildConfigurations = (
				BAD727081DE3964E00E83F32 /* Debug */,
				BAD727091DE3964E00E83F32 /* Release */,
			);
			defaultConfigurationIsVisible = 0;
			defaultConfigurationName = Release;
		};
		BAD7270A1DE3964E00E83F32 /* Build configuration list for PBXNativeTarget "BabylonHealthDemo" */ = {
			isa = XCConfigurationList;
			buildConfigurations = (
				BAD7270B1DE3964E00E83F32 /* Debug */,
				BAD7270C1DE3964E00E83F32 /* Release */,
			);
			defaultConfigurationIsVisible = 0;
			defaultConfigurationName = Release;
		};
		BAD7270D1DE3964E00E83F32 /* Build configuration list for PBXNativeTarget "BabylonHealthDemoTests" */ = {
			isa = XCConfigurationList;
			buildConfigurations = (
				BAD7270E1DE3964E00E83F32 /* Debug */,
				BAD7270F1DE3964E00E83F32 /* Release */,
			);
			defaultConfigurationIsVisible = 0;
			defaultConfigurationName = Release;
		};
/* End XCConfigurationList section */

/* Begin XCVersionGroup section */
		BA3B815D1DEAD4C900B41A49 /* BabylonHealthDemo.xcdatamodeld */ = {
			isa = XCVersionGroup;
			children = (
				BA3B815E1DEAD4C900B41A49 /* BabylonHealthDemo.xcdatamodel */,
			);
			currentVersion = BA3B815E1DEAD4C900B41A49 /* BabylonHealthDemo.xcdatamodel */;
			name = BabylonHealthDemo.xcdatamodeld;
			path = ../BabylonHealthDemo.xcdatamodeld;
			sourceTree = "<group>";
			versionGroupType = wrapper.xcdatamodel;
		};
/* End XCVersionGroup section */
	};
	rootObject = BAD726E21DE3964D00E83F32 /* Project object */;
}
